// !$*UTF8*$!
{
	archiveVersion = 1;
	classes = {
	};
	objectVersion = 50;
	objects = {

/* Begin PBXBuildFile section */
		0BFF34DDBE8A10CF8D3A4C70 /* Pods_courseSync.framework in Frameworks */ = {isa = PBXBuildFile; fileRef = 6C93767FDE3DFC555E7904CA /* Pods_courseSync.framework */; };
		8A44513121366418000156BD /* RegularExpression.swift in Sources */ = {isa = PBXBuildFile; fileRef = 8A44513021366418000156BD /* RegularExpression.swift */; };
		8A4A22DE21362EAF0064488C /* AppDelegate.swift in Sources */ = {isa = PBXBuildFile; fileRef = 8A4A22DD21362EAF0064488C /* AppDelegate.swift */; };
		8A4A22E021362EAF0064488C /* MainViewController.swift in Sources */ = {isa = PBXBuildFile; fileRef = 8A4A22DF21362EAF0064488C /* MainViewController.swift */; };
		8A4A22E321362EAF0064488C /* courseSync.xcdatamodeld in Sources */ = {isa = PBXBuildFile; fileRef = 8A4A22E121362EAF0064488C /* courseSync.xcdatamodeld */; };
		8A4A22E521362EB00064488C /* Assets.xcassets in Resources */ = {isa = PBXBuildFile; fileRef = 8A4A22E421362EB00064488C /* Assets.xcassets */; };
		8A4A22E821362EB00064488C /* Main.storyboard in Resources */ = {isa = PBXBuildFile; fileRef = 8A4A22E621362EB00064488C /* Main.storyboard */; };
		8A4A22F1213631EC0064488C /* CreditsViewController.swift in Sources */ = {isa = PBXBuildFile; fileRef = 8A4A22F0213631EC0064488C /* CreditsViewController.swift */; };
		8A4A22F52136443D0064488C /* LoginHelper.swift in Sources */ = {isa = PBXBuildFile; fileRef = 8A4A22F42136443D0064488C /* LoginHelper.swift */; };
/* End PBXBuildFile section */

/* Begin PBXFileReference section */
		2DE148D3735F9F40099E038A /* Pods-courseSync.release.xcconfig */ = {isa = PBXFileReference; includeInIndex = 1; lastKnownFileType = text.xcconfig; name = "Pods-courseSync.release.xcconfig"; path = "Pods/Target Support Files/Pods-courseSync/Pods-courseSync.release.xcconfig"; sourceTree = "<group>"; };
		6C93767FDE3DFC555E7904CA /* Pods_courseSync.framework */ = {isa = PBXFileReference; explicitFileType = wrapper.framework; includeInIndex = 0; path = Pods_courseSync.framework; sourceTree = BUILT_PRODUCTS_DIR; };
		8A44513021366418000156BD /* RegularExpression.swift */ = {isa = PBXFileReference; lastKnownFileType = sourcecode.swift; path = RegularExpression.swift; sourceTree = "<group>"; };
		8A4A22DA21362EAF0064488C /* courseSync.app */ = {isa = PBXFileReference; explicitFileType = wrapper.application; includeInIndex = 0; path = courseSync.app; sourceTree = BUILT_PRODUCTS_DIR; };
		8A4A22DD21362EAF0064488C /* AppDelegate.swift */ = {isa = PBXFileReference; lastKnownFileType = sourcecode.swift; path = AppDelegate.swift; sourceTree = "<group>"; };
		8A4A22DF21362EAF0064488C /* MainViewController.swift */ = {isa = PBXFileReference; lastKnownFileType = sourcecode.swift; path = MainViewController.swift; sourceTree = "<group>"; };
		8A4A22E221362EAF0064488C /* courseSync.xcdatamodel */ = {isa = PBXFileReference; lastKnownFileType = wrapper.xcdatamodel; path = courseSync.xcdatamodel; sourceTree = "<group>"; };
		8A4A22E421362EB00064488C /* Assets.xcassets */ = {isa = PBXFileReference; lastKnownFileType = folder.assetcatalog; path = Assets.xcassets; sourceTree = "<group>"; };
		8A4A22E721362EB00064488C /* Base */ = {isa = PBXFileReference; lastKnownFileType = file.storyboard; name = Base; path = Base.lproj/Main.storyboard; sourceTree = "<group>"; };
		8A4A22E921362EB00064488C /* Info.plist */ = {isa = PBXFileReference; lastKnownFileType = text.plist.xml; path = Info.plist; sourceTree = "<group>"; };
		8A4A22EA21362EB00064488C /* courseSync.entitlements */ = {isa = PBXFileReference; lastKnownFileType = text.plist.entitlements; path = courseSync.entitlements; sourceTree = "<group>"; };
		8A4A22F0213631EC0064488C /* CreditsViewController.swift */ = {isa = PBXFileReference; fileEncoding = 4; lastKnownFileType = sourcecode.swift; path = CreditsViewController.swift; sourceTree = "<group>"; };
		8A4A22F42136443D0064488C /* LoginHelper.swift */ = {isa = PBXFileReference; lastKnownFileType = sourcecode.swift; path = LoginHelper.swift; sourceTree = "<group>"; };
		EE26F8B0524475210410BF0F /* Pods-courseSync.debug.xcconfig */ = {isa = PBXFileReference; includeInIndex = 1; lastKnownFileType = text.xcconfig; name = "Pods-courseSync.debug.xcconfig"; path = "Pods/Target Support Files/Pods-courseSync/Pods-courseSync.debug.xcconfig"; sourceTree = "<group>"; };
/* End PBXFileReference section */

/* Begin PBXFrameworksBuildPhase section */
		8A4A22D721362EAF0064488C /* Frameworks */ = {
			isa = PBXFrameworksBuildPhase;
			buildActionMask = 2147483647;
			files = (
				0BFF34DDBE8A10CF8D3A4C70 /* Pods_courseSync.framework in Frameworks */,
			);
			runOnlyForDeploymentPostprocessing = 0;
		};
/* End PBXFrameworksBuildPhase section */

/* Begin PBXGroup section */
		7F6671998AA5242BF06E5E28 /* Pods */ = {
			isa = PBXGroup;
			children = (
				EE26F8B0524475210410BF0F /* Pods-courseSync.debug.xcconfig */,
				2DE148D3735F9F40099E038A /* Pods-courseSync.release.xcconfig */,
			);
			name = Pods;
			sourceTree = "<group>";
		};
		8A4A22D121362EAF0064488C = {
			isa = PBXGroup;
			children = (
				8A4A22DC21362EAF0064488C /* courseSync */,
				8A4A22DB21362EAF0064488C /* Products */,
				7F6671998AA5242BF06E5E28 /* Pods */,
				CEBAC5F7F8148695C76C2836 /* Frameworks */,
			);
			sourceTree = "<group>";
		};
		8A4A22DB21362EAF0064488C /* Products */ = {
			isa = PBXGroup;
			children = (
				8A4A22DA21362EAF0064488C /* courseSync.app */,
			);
			name = Products;
			sourceTree = "<group>";
		};
		8A4A22DC21362EAF0064488C /* courseSync */ = {
			isa = PBXGroup;
			children = (
				8A4A22F3213644140064488C /* Utilities */,
				8A4A22F2213631F20064488C /* ViewController */,
				8A4A22DD21362EAF0064488C /* AppDelegate.swift */,
				8A4A22E421362EB00064488C /* Assets.xcassets */,
				8A4A22E621362EB00064488C /* Main.storyboard */,
				8A4A22E921362EB00064488C /* Info.plist */,
				8A4A22EA21362EB00064488C /* courseSync.entitlements */,
				8A4A22E121362EAF0064488C /* courseSync.xcdatamodeld */,
			);
			path = courseSync;
			sourceTree = "<group>";
		};
		8A4A22F2213631F20064488C /* ViewController */ = {
			isa = PBXGroup;
			children = (
				8A4A22DF21362EAF0064488C /* MainViewController.swift */,
				8A4A22F0213631EC0064488C /* CreditsViewController.swift */,
			);
			path = ViewController;
			sourceTree = "<group>";
		};
		8A4A22F3213644140064488C /* Utilities */ = {
			isa = PBXGroup;
			children = (
				8A4A22F42136443D0064488C /* LoginHelper.swift */,
				8A44513021366418000156BD /* RegularExpression.swift */,
			);
			path = Utilities;
			sourceTree = "<group>";
		};
		CEBAC5F7F8148695C76C2836 /* Frameworks */ = {
			isa = PBXGroup;
			children = (
				6C93767FDE3DFC555E7904CA /* Pods_courseSync.framework */,
			);
			name = Frameworks;
			sourceTree = "<group>";
		};
/* End PBXGroup section */

/* Begin PBXNativeTarget section */
		8A4A22D921362EAF0064488C /* courseSync */ = {
			isa = PBXNativeTarget;
			buildConfigurationList = 8A4A22ED21362EB00064488C /* Build configuration list for PBXNativeTarget "courseSync" */;
			buildPhases = (
				FDDEAD7083F49DEBD1D10250 /* [CP] Check Pods Manifest.lock */,
				8A4A22D621362EAF0064488C /* Sources */,
				8A4A22D721362EAF0064488C /* Frameworks */,
				8A4A22D821362EAF0064488C /* Resources */,
				3D05A8F10FE14FA4004DA957 /* [CP] Embed Pods Frameworks */,
			);
			buildRules = (
			);
			dependencies = (
			);
			name = courseSync;
			productName = courseSync;
			productReference = 8A4A22DA21362EAF0064488C /* courseSync.app */;
			productType = "com.apple.product-type.application";
		};
/* End PBXNativeTarget section */

/* Begin PBXProject section */
		8A4A22D221362EAF0064488C /* Project object */ = {
			isa = PBXProject;
			attributes = {
				LastSwiftUpdateCheck = 1000;
				LastUpgradeCheck = 1000;
				ORGANIZATIONNAME = yuxiqian;
				TargetAttributes = {
					8A4A22D921362EAF0064488C = {
						CreatedOnToolsVersion = 10.0;
						SystemCapabilities = {
							com.apple.Sandbox = {
								enabled = 1;
							};
						};
					};
				};
			};
			buildConfigurationList = 8A4A22D521362EAF0064488C /* Build configuration list for PBXProject "courseSync" */;
			compatibilityVersion = "Xcode 9.3";
			developmentRegion = en;
			hasScannedForEncodings = 0;
			knownRegions = (
				en,
				Base,
			);
			mainGroup = 8A4A22D121362EAF0064488C;
			productRefGroup = 8A4A22DB21362EAF0064488C /* Products */;
			projectDirPath = "";
			projectRoot = "";
			targets = (
				8A4A22D921362EAF0064488C /* courseSync */,
			);
		};
/* End PBXProject section */

/* Begin PBXResourcesBuildPhase section */
		8A4A22D821362EAF0064488C /* Resources */ = {
			isa = PBXResourcesBuildPhase;
			buildActionMask = 2147483647;
			files = (
				8A4A22E521362EB00064488C /* Assets.xcassets in Resources */,
				8A4A22E821362EB00064488C /* Main.storyboard in Resources */,
			);
			runOnlyForDeploymentPostprocessing = 0;
		};
/* End PBXResourcesBuildPhase section */

/* Begin PBXShellScriptBuildPhase section */
		3D05A8F10FE14FA4004DA957 /* [CP] Embed Pods Frameworks */ = {
			isa = PBXShellScriptBuildPhase;
			buildActionMask = 2147483647;
			files = (
			);
			inputFileListPaths = (
			);
			inputPaths = (
				"${SRCROOT}/Pods/Target Support Files/Pods-courseSync/Pods-courseSync-frameworks.sh",
				"${BUILT_PRODUCTS_DIR}/Alamofire/Alamofire.framework",
				"${BUILT_PRODUCTS_DIR}/Kanna/Kanna.framework",
			);
			name = "[CP] Embed Pods Frameworks";
			outputFileListPaths = (
			);
			outputPaths = (
				"${TARGET_BUILD_DIR}/${FRAMEWORKS_FOLDER_PATH}/Alamofire.framework",
				"${TARGET_BUILD_DIR}/${FRAMEWORKS_FOLDER_PATH}/Kanna.framework",
			);
			runOnlyForDeploymentPostprocessing = 0;
			shellPath = /bin/sh;
			shellScript = "\"${SRCROOT}/Pods/Target Support Files/Pods-courseSync/Pods-courseSync-frameworks.sh\"\n";
			showEnvVarsInLog = 0;
		};
		FDDEAD7083F49DEBD1D10250 /* [CP] Check Pods Manifest.lock */ = {
			isa = PBXShellScriptBuildPhase;
			buildActionMask = 2147483647;
			files = (
			);
			inputFileListPaths = (
			);
			inputPaths = (
				"${PODS_PODFILE_DIR_PATH}/Podfile.lock",
				"${PODS_ROOT}/Manifest.lock",
			);
			name = "[CP] Check Pods Manifest.lock";
			outputFileListPaths = (
			);
			outputPaths = (
				"$(DERIVED_FILE_DIR)/Pods-courseSync-checkManifestLockResult.txt",
			);
			runOnlyForDeploymentPostprocessing = 0;
			shellPath = /bin/sh;
			shellScript = "diff \"${PODS_PODFILE_DIR_PATH}/Podfile.lock\" \"${PODS_ROOT}/Manifest.lock\" > /dev/null\nif [ $? != 0 ] ; then\n    # print error to STDERR\n    echo \"error: The sandbox is not in sync with the Podfile.lock. Run 'pod install' or update your CocoaPods installation.\" >&2\n    exit 1\nfi\n# This output is used by Xcode 'outputs' to avoid re-running this script phase.\necho \"SUCCESS\" > \"${SCRIPT_OUTPUT_FILE_0}\"\n";
			showEnvVarsInLog = 0;
		};
/* End PBXShellScriptBuildPhase section */

/* Begin PBXSourcesBuildPhase section */
		8A4A22D621362EAF0064488C /* Sources */ = {
			isa = PBXSourcesBuildPhase;
			buildActionMask = 2147483647;
			files = (
				8A4A22E321362EAF0064488C /* courseSync.xcdatamodeld in Sources */,
				8A4A22E021362EAF0064488C /* MainViewController.swift in Sources */,
				8A4A22DE21362EAF0064488C /* AppDelegate.swift in Sources */,
				8A4A22F1213631EC0064488C /* CreditsViewController.swift in Sources */,
				8A44513121366418000156BD /* RegularExpression.swift in Sources */,
				8A4A22F52136443D0064488C /* LoginHelper.swift in Sources */,
			);
			runOnlyForDeploymentPostprocessing = 0;
		};
/* End PBXSourcesBuildPhase section */

/* Begin PBXVariantGroup section */
		8A4A22E621362EB00064488C /* Main.storyboard */ = {
			isa = PBXVariantGroup;
			children = (
				8A4A22E721362EB00064488C /* Base */,
			);
			name = Main.storyboard;
			sourceTree = "<group>";
		};
/* End PBXVariantGroup section */

/* Begin XCBuildConfiguration section */
		8A4A22EB21362EB00064488C /* Debug */ = {
			isa = XCBuildConfiguration;
			buildSettings = {
				ALWAYS_SEARCH_USER_PATHS = NO;
				CLANG_ANALYZER_NONNULL = YES;
				CLANG_ANALYZER_NUMBER_OBJECT_CONVERSION = YES_AGGRESSIVE;
				CLANG_CXX_LANGUAGE_STANDARD = "gnu++14";
				CLANG_CXX_LIBRARY = "libc++";
				CLANG_ENABLE_MODULES = YES;
				CLANG_ENABLE_OBJC_ARC = YES;
				CLANG_ENABLE_OBJC_WEAK = YES;
				CLANG_WARN_BLOCK_CAPTURE_AUTORELEASING = YES;
				CLANG_WARN_BOOL_CONVERSION = YES;
				CLANG_WARN_COMMA = YES;
				CLANG_WARN_CONSTANT_CONVERSION = YES;
				CLANG_WARN_DEPRECATED_OBJC_IMPLEMENTATIONS = YES;
				CLANG_WARN_DIRECT_OBJC_ISA_USAGE = YES_ERROR;
				CLANG_WARN_DOCUMENTATION_COMMENTS = YES;
				CLANG_WARN_EMPTY_BODY = YES;
				CLANG_WARN_ENUM_CONVERSION = YES;
				CLANG_WARN_INFINITE_RECURSION = YES;
				CLANG_WARN_INT_CONVERSION = YES;
				CLANG_WARN_NON_LITERAL_NULL_CONVERSION = YES;
				CLANG_WARN_OBJC_IMPLICIT_RETAIN_SELF = YES;
				CLANG_WARN_OBJC_LITERAL_CONVERSION = YES;
				CLANG_WARN_OBJC_ROOT_CLASS = YES_ERROR;
				CLANG_WARN_RANGE_LOOP_ANALYSIS = YES;
				CLANG_WARN_STRICT_PROTOTYPES = YES;
				CLANG_WARN_SUSPICIOUS_MOVE = YES;
				CLANG_WARN_UNGUARDED_AVAILABILITY = YES_AGGRESSIVE;
				CLANG_WARN_UNREACHABLE_CODE = YES;
				CLANG_WARN__DUPLICATE_METHOD_MATCH = YES;
				CODE_SIGN_IDENTITY = "-";
				COPY_PHASE_STRIP = NO;
				DEBUG_INFORMATION_FORMAT = dwarf;
				ENABLE_STRICT_OBJC_MSGSEND = YES;
				ENABLE_TESTABILITY = YES;
				GCC_C_LANGUAGE_STANDARD = gnu11;
				GCC_DYNAMIC_NO_PIC = NO;
				GCC_NO_COMMON_BLOCKS = YES;
				GCC_OPTIMIZATION_LEVEL = 0;
				GCC_PREPROCESSOR_DEFINITIONS = (
					"DEBUG=1",
					"$(inherited)",
				);
				GCC_WARN_64_TO_32_BIT_CONVERSION = YES;
				GCC_WARN_ABOUT_RETURN_TYPE = YES_ERROR;
				GCC_WARN_UNDECLARED_SELECTOR = YES;
				GCC_WARN_UNINITIALIZED_AUTOS = YES_AGGRESSIVE;
				GCC_WARN_UNUSED_FUNCTION = YES;
				GCC_WARN_UNUSED_VARIABLE = YES;
				MACOSX_DEPLOYMENT_TARGET = 10.14;
				MTL_ENABLE_DEBUG_INFO = INCLUDE_SOURCE;
				MTL_FAST_MATH = YES;
				ONLY_ACTIVE_ARCH = YES;
				SDKROOT = macosx;
				SWIFT_ACTIVE_COMPILATION_CONDITIONS = DEBUG;
				SWIFT_OPTIMIZATION_LEVEL = "-Onone";
			};
			name = Debug;
		};
		8A4A22EC21362EB00064488C /* Release */ = {
			isa = XCBuildConfiguration;
			buildSettings = {
				ALWAYS_SEARCH_USER_PATHS = NO;
				CLANG_ANALYZER_NONNULL = YES;
				CLANG_ANALYZER_NUMBER_OBJECT_CONVERSION = YES_AGGRESSIVE;
				CLANG_CXX_LANGUAGE_STANDARD = "gnu++14";
				CLANG_CXX_LIBRARY = "libc++";
				CLANG_ENABLE_MODULES = YES;
				CLANG_ENABLE_OBJC_ARC = YES;
				CLANG_ENABLE_OBJC_WEAK = YES;
				CLANG_WARN_BLOCK_CAPTURE_AUTORELEASING = YES;
				CLANG_WARN_BOOL_CONVERSION = YES;
				CLANG_WARN_COMMA = YES;
				CLANG_WARN_CONSTANT_CONVERSION = YES;
				CLANG_WARN_DEPRECATED_OBJC_IMPLEMENTATIONS = YES;
				CLANG_WARN_DIRECT_OBJC_ISA_USAGE = YES_ERROR;
				CLANG_WARN_DOCUMENTATION_COMMENTS = YES;
				CLANG_WARN_EMPTY_BODY = YES;
				CLANG_WARN_ENUM_CONVERSION = YES;
				CLANG_WARN_INFINITE_RECURSION = YES;
				CLANG_WARN_INT_CONVERSION = YES;
				CLANG_WARN_NON_LITERAL_NULL_CONVERSION = YES;
				CLANG_WARN_OBJC_IMPLICIT_RETAIN_SELF = YES;
				CLANG_WARN_OBJC_LITERAL_CONVERSION = YES;
				CLANG_WARN_OBJC_ROOT_CLASS = YES_ERROR;
				CLANG_WARN_RANGE_LOOP_ANALYSIS = YES;
				CLANG_WARN_STRICT_PROTOTYPES = YES;
				CLANG_WARN_SUSPICIOUS_MOVE = YES;
				CLANG_WARN_UNGUARDED_AVAILABILITY = YES_AGGRESSIVE;
				CLANG_WARN_UNREACHABLE_CODE = YES;
				CLANG_WARN__DUPLICATE_METHOD_MATCH = YES;
				CODE_SIGN_IDENTITY = "-";
				COPY_PHASE_STRIP = NO;
				DEBUG_INFORMATION_FORMAT = "dwarf-with-dsym";
				ENABLE_NS_ASSERTIONS = NO;
				ENABLE_STRICT_OBJC_MSGSEND = YES;
				GCC_C_LANGUAGE_STANDARD = gnu11;
				GCC_NO_COMMON_BLOCKS = YES;
				GCC_WARN_64_TO_32_BIT_CONVERSION = YES;
				GCC_WARN_ABOUT_RETURN_TYPE = YES_ERROR;
				GCC_WARN_UNDECLARED_SELECTOR = YES;
				GCC_WARN_UNINITIALIZED_AUTOS = YES_AGGRESSIVE;
				GCC_WARN_UNUSED_FUNCTION = YES;
				GCC_WARN_UNUSED_VARIABLE = YES;
				MACOSX_DEPLOYMENT_TARGET = 10.14;
				MTL_ENABLE_DEBUG_INFO = NO;
				MTL_FAST_MATH = YES;
				SDKROOT = macosx;
				SWIFT_COMPILATION_MODE = wholemodule;
				SWIFT_OPTIMIZATION_LEVEL = "-O";
			};
			name = Release;
		};
		8A4A22EE21362EB00064488C /* Debug */ = {
			isa = XCBuildConfiguration;
			baseConfigurationReference = EE26F8B0524475210410BF0F /* Pods-courseSync.debug.xcconfig */;
			buildSettings = {
				ASSETCATALOG_COMPILER_APPICON_NAME = AppIcon;
				CODE_SIGN_ENTITLEMENTS = courseSync/courseSync.entitlements;
				CODE_SIGN_IDENTITY = "Mac Developer";
				CODE_SIGN_STYLE = Automatic;
				COMBINE_HIDPI_IMAGES = YES;
				DEVELOPMENT_TEAM = 24XARD42BP;
				INFOPLIST_FILE = courseSync/Info.plist;
				LD_RUNPATH_SEARCH_PATHS = (
					"$(inherited)",
					"@executable_path/../Frameworks",
				);
				PRODUCT_BUNDLE_IDENTIFIER = yue.utils.sync;
				PRODUCT_NAME = "$(TARGET_NAME)";
				PROVISIONING_PROFILE_SPECIFIER = "";
				SWIFT_VERSION = 4.2;
			};
			name = Debug;
		};
		8A4A22EF21362EB00064488C /* Release */ = {
			isa = XCBuildConfiguration;
			baseConfigurationReference = 2DE148D3735F9F40099E038A /* Pods-courseSync.release.xcconfig */;
			buildSettings = {
				ASSETCATALOG_COMPILER_APPICON_NAME = AppIcon;
				CODE_SIGN_ENTITLEMENTS = courseSync/courseSync.entitlements;
				CODE_SIGN_IDENTITY = "Mac Developer";
				CODE_SIGN_STYLE = Automatic;
				COMBINE_HIDPI_IMAGES = YES;
				DEVELOPMENT_TEAM = 24XARD42BP;
				INFOPLIST_FILE = courseSync/Info.plist;
				LD_RUNPATH_SEARCH_PATHS = (
					"$(inherited)",
					"@executable_path/../Frameworks",
				);
				PRODUCT_BUNDLE_IDENTIFIER = yue.utils.sync;
				PRODUCT_NAME = "$(TARGET_NAME)";
				PROVISIONING_PROFILE_SPECIFIER = "";
				SWIFT_VERSION = 4.2;
			};
			name = Release;
		};
/* End XCBuildConfiguration section */

/* Begin XCConfigurationList section */
		8A4A22D521362EAF0064488C /* Build configuration list for PBXProject "courseSync" */ = {
			isa = XCConfigurationList;
			buildConfigurations = (
				8A4A22EB21362EB00064488C /* Debug */,
				8A4A22EC21362EB00064488C /* Release */,
			);
			defaultConfigurationIsVisible = 0;
			defaultConfigurationName = Release;
		};
		8A4A22ED21362EB00064488C /* Build configuration list for PBXNativeTarget "courseSync" */ = {
			isa = XCConfigurationList;
			buildConfigurations = (
				8A4A22EE21362EB00064488C /* Debug */,
				8A4A22EF21362EB00064488C /* Release */,
			);
			defaultConfigurationIsVisible = 0;
			defaultConfigurationName = Release;
		};
/* End XCConfigurationList section */

/* Begin XCVersionGroup section */
		8A4A22E121362EAF0064488C /* courseSync.xcdatamodeld */ = {
			isa = XCVersionGroup;
			children = (
				8A4A22E221362EAF0064488C /* courseSync.xcdatamodel */,
			);
			currentVersion = 8A4A22E221362EAF0064488C /* courseSync.xcdatamodel */;
			path = courseSync.xcdatamodeld;
			sourceTree = "<group>";
			versionGroupType = wrapper.xcdatamodel;
		};
/* End XCVersionGroup section */
	};
	rootObject = 8A4A22D221362EAF0064488C /* Project object */;
}
