// !$*UTF8*$!
{
	archiveVersion = 1;
	classes = {
	};
	objectVersion = 48;
	objects = {

/* Begin PBXBuildFile section */
		8A04055D213984050060F93A /* SchoolDay.swift in Sources */ = {isa = PBXBuildFile; fileRef = 8A04055C213984050060F93A /* SchoolDay.swift */; };
		8A044789218D40D800BAB188 /* AboutViewController.swift in Sources */ = {isa = PBXBuildFile; fileRef = 8A044788218D40D800BAB188 /* AboutViewController.swift */; };
		8A09A486214E0EC0008EC502 /* GalleryIcon.swift in Sources */ = {isa = PBXBuildFile; fileRef = 8A09A485214E0EC0008EC502 /* GalleryIcon.swift */; };
		8A09A488214E1787008EC502 /* [deprecated] JsonRequester.swift in Sources */ = {isa = PBXBuildFile; fileRef = 8A09A487214E1787008EC502 /* [deprecated] JsonRequester.swift */; };
		8A09A48A214E513C008EC502 /* SwiftyJSON.framework in Frameworks */ = {isa = PBXBuildFile; fileRef = 8A09A489214E513C008EC502 /* SwiftyJSON.framework */; };
		8A0AE466232A016200CE9E3A /* LoginKits.swift in Sources */ = {isa = PBXBuildFile; fileRef = 8A0AE465232A016200CE9E3A /* LoginKits.swift */; };
		8A0AE468232A017600CE9E3A /* LoginConst.swift in Sources */ = {isa = PBXBuildFile; fileRef = 8A0AE467232A017600CE9E3A /* LoginConst.swift */; };
		8A17ADAF232BAF540077DDCF /* RMBlurredView.m in Sources */ = {isa = PBXBuildFile; fileRef = 8A17ADAB232BAF530077DDCF /* RMBlurredView.m */; };
		8A25DD6A2182D6EC002AD7C9 /* MenuWithSeparator.swift in Sources */ = {isa = PBXBuildFile; fileRef = 8A25DD692182D6EC002AD7C9 /* MenuWithSeparator.swift */; };
		8A26F333233DA87100F4E321 /* ExportFormatSelector+ExportFormatDecisionDelegate.swift in Sources */ = {isa = PBXBuildFile; fileRef = 8A26F331233DA87100F4E321 /* ExportFormatSelector+ExportFormatDecisionDelegate.swift */; };
		8A26F334233DA87100F4E321 /* ExportFormatSelector.xib in Resources */ = {isa = PBXBuildFile; fileRef = 8A26F332233DA87100F4E321 /* ExportFormatSelector.xib */; };
		8A27D733232E51D8005AF5CA /* ExamKits.swift in Sources */ = {isa = PBXBuildFile; fileRef = 8A27D732232E51D8005AF5CA /* ExamKits.swift */; };
		8A27D735232E51E0005AF5CA /* ExamConst.swift in Sources */ = {isa = PBXBuildFile; fileRef = 8A27D734232E51E0005AF5CA /* ExamConst.swift */; };
		8A27D737232E51E7005AF5CA /* NGExam.swift in Sources */ = {isa = PBXBuildFile; fileRef = 8A27D736232E51E7005AF5CA /* NGExam.swift */; };
		8A27D73A232E5388005AF5CA /* ScoreKits.swift in Sources */ = {isa = PBXBuildFile; fileRef = 8A27D739232E5388005AF5CA /* ScoreKits.swift */; };
		8A27D73C232E538E005AF5CA /* ScoreConst.swift in Sources */ = {isa = PBXBuildFile; fileRef = 8A27D73B232E538E005AF5CA /* ScoreConst.swift */; };
		8A27D73E232E5394005AF5CA /* NGScore.swift in Sources */ = {isa = PBXBuildFile; fileRef = 8A27D73D232E5394005AF5CA /* NGScore.swift */; };
		8A27D740232E5640005AF5CA /* ScoreQueryViewController.swift in Sources */ = {isa = PBXBuildFile; fileRef = 8A27D73F232E5640005AF5CA /* ScoreQueryViewController.swift */; };
		8A27D75A232E61A3005AF5CA /* GPAKits.swift in Sources */ = {isa = PBXBuildFile; fileRef = 8A27D759232E61A3005AF5CA /* GPAKits.swift */; };
		8A27D75C232E7A92005AF5CA /* PreferencesViewController.swift in Sources */ = {isa = PBXBuildFile; fileRef = 8A27D75B232E7A92005AF5CA /* PreferencesViewController.swift */; };
		8A2F1DFB21BD0FFC00978643 /* FullDataWindowController.swift in Sources */ = {isa = PBXBuildFile; fileRef = 8A2F1DFA21BD0FFC00978643 /* FullDataWindowController.swift */; };
		8A33CF0B232F1F3B00BD6826 /* InspectorKits.swift in Sources */ = {isa = PBXBuildFile; fileRef = 8A33CF0A232F1F3B00BD6826 /* InspectorKits.swift */; };
		8A33CF0F232F1F9C00BD6826 /* InspectedProperties.swift in Sources */ = {isa = PBXBuildFile; fileRef = 8A33CF0E232F1F9C00BD6826 /* InspectedProperties.swift */; };
		8A33CF11232F2C0900BD6826 /* FeedBackViewController.swift in Sources */ = {isa = PBXBuildFile; fileRef = 8A33CF10232F2C0900BD6826 /* FeedBackViewController.swift */; };
		8A3598F7232E1AC100FA0786 /* CourseKits.swift in Sources */ = {isa = PBXBuildFile; fileRef = 8A3598F6232E1AC100FA0786 /* CourseKits.swift */; };
		8A3598F9232E1B0C00FA0786 /* CourseConst.swift in Sources */ = {isa = PBXBuildFile; fileRef = 8A3598F8232E1B0C00FA0786 /* CourseConst.swift */; };
		8A3598FC232E1C9300FA0786 /* IdentityKits.swift in Sources */ = {isa = PBXBuildFile; fileRef = 8A3598FB232E1C9300FA0786 /* IdentityKits.swift */; };
		8A359900232E1D9A00FA0786 /* PreferenceKits.swift in Sources */ = {isa = PBXBuildFile; fileRef = 8A3598FF232E1D9A00FA0786 /* PreferenceKits.swift */; };
		8A359902232E25B000FA0786 /* NGCourse.swift in Sources */ = {isa = PBXBuildFile; fileRef = 8A359901232E25B000FA0786 /* NGCourse.swift */; };
		8A397DC42140B69900AE297A /* [deprecated] Curricula.swift in Sources */ = {isa = PBXBuildFile; fileRef = 8A397DC32140B69900AE297A /* [deprecated] Curricula.swift */; };
		8A397DC72140B87400AE297A /* Teacher.swift in Sources */ = {isa = PBXBuildFile; fileRef = 8A397DC62140B87400AE297A /* Teacher.swift */; };
		8A397DC92140B9C600AE297A /* CourseAnalyse.swift in Sources */ = {isa = PBXBuildFile; fileRef = 8A397DC82140B9C600AE297A /* CourseAnalyse.swift */; };
		8A397DCB2140D6E500AE297A /* ExamSyncViewController.swift in Sources */ = {isa = PBXBuildFile; fileRef = 8A397DCA2140D6E500AE297A /* ExamSyncViewController.swift */; };
		8A397DCE2140D7F400AE297A /* ExamSyncHelper.swift in Sources */ = {isa = PBXBuildFile; fileRef = 8A397DCD2140D7F400AE297A /* ExamSyncHelper.swift */; };
		8A397DD021410CFB00AE297A /* Exam.swift in Sources */ = {isa = PBXBuildFile; fileRef = 8A397DCF21410CFB00AE297A /* Exam.swift */; };
		8A424A3823309A8F00B7975B /* NGCurriculum.swift in Sources */ = {isa = PBXBuildFile; fileRef = 8A424A3723309A8F00B7975B /* NGCurriculum.swift */; };
		8A424A3A23309ADC00B7975B /* GalleryKits.swift in Sources */ = {isa = PBXBuildFile; fileRef = 8A424A3923309ADC00B7975B /* GalleryKits.swift */; };
		8A44513121366418000156BD /* AppUtils.swift in Sources */ = {isa = PBXBuildFile; fileRef = 8A44513021366418000156BD /* AppUtils.swift */; };
		8A49F6AA21D4C47700010816 /* CurriculaHelper.swift in Sources */ = {isa = PBXBuildFile; fileRef = 8A49F6A921D4C47700010816 /* CurriculaHelper.swift */; };
		8A4A22DE21362EAF0064488C /* AppDelegate.swift in Sources */ = {isa = PBXBuildFile; fileRef = 8A4A22DD21362EAF0064488C /* AppDelegate.swift */; };
		8A4A22E021362EAF0064488C /* jAccountViewController.swift in Sources */ = {isa = PBXBuildFile; fileRef = 8A4A22DF21362EAF0064488C /* jAccountViewController.swift */; };
		8A4A22E521362EB00064488C /* Assets.xcassets in Resources */ = {isa = PBXBuildFile; fileRef = 8A4A22E421362EB00064488C /* Assets.xcassets */; };
		8A4A22F1213631EC0064488C /* CreditsViewController.swift in Sources */ = {isa = PBXBuildFile; fileRef = 8A4A22F0213631EC0064488C /* CreditsViewController.swift */; };
		8A4A22F52136443D0064488C /* LegacyLoginHelper.swift in Sources */ = {isa = PBXBuildFile; fileRef = 8A4A22F42136443D0064488C /* LegacyLoginHelper.swift */; };
		8A5029B02333109600C4C266 /* VersionComparer.swift in Sources */ = {isa = PBXBuildFile; fileRef = 8A5029AF2333109600C4C266 /* VersionComparer.swift */; };
		8A5102B723B07F620094658A /* ESLog.swift in Sources */ = {isa = PBXBuildFile; fileRef = 8A5102B623B07F620094658A /* ESLog.swift */; };
		8A6E46A7233242DE00141C91 /* AdapterTableView.swift in Sources */ = {isa = PBXBuildFile; fileRef = 8A6E46A0233242DD00141C91 /* AdapterTableView.swift */; };
		8A6E46A8233242DE00141C91 /* BaseView.swift in Sources */ = {isa = PBXBuildFile; fileRef = 8A6E46A2233242DD00141C91 /* BaseView.swift */; };
		8A6E46A9233242DE00141C91 /* TableView.swift in Sources */ = {isa = PBXBuildFile; fileRef = 8A6E46A3233242DD00141C91 /* TableView.swift */; };
		8A6E46AA233242DE00141C91 /* TableViewController.swift in Sources */ = {isa = PBXBuildFile; fileRef = 8A6E46A4233242DD00141C91 /* TableViewController.swift */; };
		8A6E58A92138054D00FF38CF /* Course.swift in Sources */ = {isa = PBXBuildFile; fileRef = 8A6E58A82138054D00FF38CF /* Course.swift */; };
		8A747FF92137AB3800AB67BB /* HtmlGetViewController.swift in Sources */ = {isa = PBXBuildFile; fileRef = 8A747FF82137AB3800AB67BB /* HtmlGetViewController.swift */; };
		8A7F528B2137D65A00FBA008 /* SchoolTime.swift in Sources */ = {isa = PBXBuildFile; fileRef = 8A7F528A2137D65A00FBA008 /* SchoolTime.swift */; };
		8A8EE6DA2330D5E0007DD732 /* ArrayBeautify.swift in Sources */ = {isa = PBXBuildFile; fileRef = 8A8EE6D92330D5E0007DD732 /* ArrayBeautify.swift */; };
		8A96D48A214026F4009E90CA /* CourseQuery.swift in Sources */ = {isa = PBXBuildFile; fileRef = 8A96D489214026F4009E90CA /* CourseQuery.swift */; };
		8AA6279F214A5B68003906BD /* Pods_Electsys_Utility.framework in Frameworks */ = {isa = PBXBuildFile; fileRef = 4BB5FA8F674795185F8E7B92 /* Pods_Electsys_Utility.framework */; };
		8AA627A0214A5B6F003906BD /* Alamofire.framework in Frameworks */ = {isa = PBXBuildFile; fileRef = 8AA627A1214A5B6F003906BD /* Alamofire.framework */; };
		8AA627A2214A5B72003906BD /* Regex.framework in Frameworks */ = {isa = PBXBuildFile; fileRef = 8AA627A3214A5B72003906BD /* Regex.framework */; };
		8AA627A4214A5B75003906BD /* Kanna.framework in Frameworks */ = {isa = PBXBuildFile; fileRef = 8AA627A5214A5B75003906BD /* Kanna.framework */; };
		8AA627A8214A5C3E003906BD /* Cocoa.framework in Frameworks */ = {isa = PBXBuildFile; fileRef = 8AA627A7214A5C3E003906BD /* Cocoa.framework */; };
		8AA79CE621D70F1E007D272B /* MainTabViewController.swift in Sources */ = {isa = PBXBuildFile; fileRef = 8AA79CE421D70F1E007D272B /* MainTabViewController.swift */; };
		8AA79CE721D70F1E007D272B /* MainViewController.swift in Sources */ = {isa = PBXBuildFile; fileRef = 8AA79CE521D70F1E007D272B /* MainViewController.swift */; };
		8AAB6F582172FA4C00D0FF61 /* TransparentTitleWindowController.swift in Sources */ = {isa = PBXBuildFile; fileRef = 8AAB6F572172FA4C00D0FF61 /* TransparentTitleWindowController.swift */; };
		8AAD7F1C21D4D05C0019E9F8 /* Main.storyboard in Resources */ = {isa = PBXBuildFile; fileRef = 8AAD7F1B21D4D05C0019E9F8 /* Main.storyboard */; };
		8AB589C9214B7F300088B190 /* EventKit.framework in Frameworks */ = {isa = PBXBuildFile; fileRef = 8AD04CFE213BC58800D59DB1 /* EventKit.framework */; };
		8AB614A323976F7700AA8175 /* TouchBarIdentifier.swift in Sources */ = {isa = PBXBuildFile; fileRef = 8AB614A223976F7700AA8175 /* TouchBarIdentifier.swift */; };
		8AB95213232936D80034C304 /* TermSelectingViewController.swift in Sources */ = {isa = PBXBuildFile; fileRef = 8AB95212232936D80034C304 /* TermSelectingViewController.swift */; };
		8ACB34662140143C002053D0 /* FullDataViewController.swift in Sources */ = {isa = PBXBuildFile; fileRef = 8ACB34652140143C002053D0 /* FullDataViewController.swift */; };
		8ACEEB06213CB04200A7776E /* RandomNames.swift in Sources */ = {isa = PBXBuildFile; fileRef = 8ACEEB05213CB04200A7776E /* RandomNames.swift */; };
		8AD04CFD213BC40200D59DB1 /* DateUtils.swift in Sources */ = {isa = PBXBuildFile; fileRef = 8AD04CFC213BC40200D59DB1 /* DateUtils.swift */; };
		8AD04F04257F25D900291A48 /* WebLoginDelegate.swift in Sources */ = {isa = PBXBuildFile; fileRef = 8AD04F03257F25D900291A48 /* WebLoginDelegate.swift */; };
		8AD04F08257F2D4500291A48 /* CookieParserViewController.swift in Sources */ = {isa = PBXBuildFile; fileRef = 8AD04F07257F2D4500291A48 /* CookieParserViewController.swift */; };
		8AD4A49C2138B2A900F7E5E8 /* ResolveViewController.swift in Sources */ = {isa = PBXBuildFile; fileRef = 8AD4A49B2138B2A900F7E5E8 /* ResolveViewController.swift */; };
		8AD4A49E2138C8D800F7E5E8 /* LegacyHtmlParser.swift in Sources */ = {isa = PBXBuildFile; fileRef = 8AD4A49D2138C8D800F7E5E8 /* LegacyHtmlParser.swift */; };
		8AD7FA2E257F055B0066DA35 /* CaptchaHelper.swift in Sources */ = {isa = PBXBuildFile; fileRef = 8AD7FA2D257F055B0066DA35 /* CaptchaHelper.swift */; };
		8AD7FA32257F14280066DA35 /* WebLoginViewController.swift in Sources */ = {isa = PBXBuildFile; fileRef = 8AD7FA31257F14280066DA35 /* WebLoginViewController.swift */; };
		8AEA936F234F526600952904 /* sidebar.01.about.icon.png in Resources */ = {isa = PBXBuildFile; fileRef = 8AEA9366234F526600952904 /* sidebar.01.about.icon.png */; };
		8AEA9370234F526600952904 /* sidebar.02.preferences.icon.png in Resources */ = {isa = PBXBuildFile; fileRef = 8AEA9367234F526600952904 /* sidebar.02.preferences.icon.png */; };
		8AEA9371234F526600952904 /* sidebar.03.acknowledgements.icon.png in Resources */ = {isa = PBXBuildFile; fileRef = 8AEA9368234F526600952904 /* sidebar.03.acknowledgements.icon.png */; };
		8AEA9372234F526600952904 /* sidebar.05.courses.icon.png in Resources */ = {isa = PBXBuildFile; fileRef = 8AEA9369234F526600952904 /* sidebar.05.courses.icon.png */; };
		8AEA9373234F526600952904 /* sidebar.06.exam.icon.png in Resources */ = {isa = PBXBuildFile; fileRef = 8AEA936A234F526600952904 /* sidebar.06.exam.icon.png */; };
		8AEA9374234F526600952904 /* sidebar.07.score.icon.png in Resources */ = {isa = PBXBuildFile; fileRef = 8AEA936B234F526600952904 /* sidebar.07.score.icon.png */; };
		8AEA9375234F526600952904 /* sidebar.08.import.icon.png in Resources */ = {isa = PBXBuildFile; fileRef = 8AEA936C234F526600952904 /* sidebar.08.import.icon.png */; };
		8AEA9376234F526600952904 /* sidebar.09.library.icon.png in Resources */ = {isa = PBXBuildFile; fileRef = 8AEA936D234F526600952904 /* sidebar.09.library.icon.png */; };
		8AEA9377234F526600952904 /* sidebar.10.question.icon.png in Resources */ = {isa = PBXBuildFile; fileRef = 8AEA936E234F526600952904 /* sidebar.10.question.icon.png */; };
		8AF47F45233269F800F00E28 /* GitHubInstallWindowController.m in Sources */ = {isa = PBXBuildFile; fileRef = 8AF47F23233269F700F00E28 /* GitHubInstallWindowController.m */; };
		8AF47F46233269F800F00E28 /* GitHubProgressWindowController.m in Sources */ = {isa = PBXBuildFile; fileRef = 8AF47F25233269F800F00E28 /* GitHubProgressWindowController.m */; };
		8AF47F47233269F800F00E28 /* GitHubRelease.m in Sources */ = {isa = PBXBuildFile; fileRef = 8AF47F27233269F800F00E28 /* GitHubRelease.m */; };
		8AF47F48233269F800F00E28 /* GitHubReleaseAsset.m in Sources */ = {isa = PBXBuildFile; fileRef = 8AF47F29233269F800F00E28 /* GitHubReleaseAsset.m */; };
		8AF47F49233269F800F00E28 /* GitHubUpdater.m in Sources */ = {isa = PBXBuildFile; fileRef = 8AF47F2B233269F800F00E28 /* GitHubUpdater.m */; };
		8AF47F4A233269F800F00E28 /* GitHubVersion.m in Sources */ = {isa = PBXBuildFile; fileRef = 8AF47F2F233269F800F00E28 /* GitHubVersion.m */; };
		8AF47F4B233269F800F00E28 /* Info.plist in Resources */ = {isa = PBXBuildFile; fileRef = 8AF47F30233269F800F00E28 /* Info.plist */; };
		8AF47F4C233269F800F00E28 /* GitHubInstallWindowController.xib in Resources */ = {isa = PBXBuildFile; fileRef = 8AF47F32233269F800F00E28 /* GitHubInstallWindowController.xib */; };
		8AF47F4D233269F800F00E28 /* GitHubProgressWindowController.xib in Resources */ = {isa = PBXBuildFile; fileRef = 8AF47F34233269F800F00E28 /* GitHubProgressWindowController.xib */; };
		8AF47F4E233269F800F00E28 /* GitHubTemplate.pdf in Resources */ = {isa = PBXBuildFile; fileRef = 8AF47F37233269F800F00E28 /* GitHubTemplate.pdf */; };
		8AF47F4F233269F800F00E28 /* Install.pdf in Resources */ = {isa = PBXBuildFile; fileRef = 8AF47F38233269F800F00E28 /* Install.pdf */; };
		8AF47F50233269F800F00E28 /* NSAttributedString+GitHubUpdates.m in Sources */ = {isa = PBXBuildFile; fileRef = 8AF47F3A233269F800F00E28 /* NSAttributedString+GitHubUpdates.m */; };
		8AF47F51233269F800F00E28 /* NSBundle+GitHubUpdates.m in Sources */ = {isa = PBXBuildFile; fileRef = 8AF47F3C233269F800F00E28 /* NSBundle+GitHubUpdates.m */; };
		8AF47F52233269F800F00E28 /* NSError+GitHubUpdates.m in Sources */ = {isa = PBXBuildFile; fileRef = 8AF47F3E233269F800F00E28 /* NSError+GitHubUpdates.m */; };
		8AF47F53233269F800F00E28 /* NSMutableAttributedString+GitHubUpdates.m in Sources */ = {isa = PBXBuildFile; fileRef = 8AF47F40233269F800F00E28 /* NSMutableAttributedString+GitHubUpdates.m */; };
		8AF47F54233269F800F00E28 /* NSString+GitHubUpdates.m in Sources */ = {isa = PBXBuildFile; fileRef = 8AF47F42233269F800F00E28 /* NSString+GitHubUpdates.m */; };
		8AF47F55233269F800F00E28 /* Pair.m in Sources */ = {isa = PBXBuildFile; fileRef = 8AF47F44233269F800F00E28 /* Pair.m */; };
/* End PBXBuildFile section */

/* Begin PBXFileReference section */
		2DE148D3735F9F40099E038A /* Pods-courseSync.release.xcconfig */ = {isa = PBXFileReference; includeInIndex = 1; lastKnownFileType = text.xcconfig; name = "Pods-courseSync.release.xcconfig"; path = "Pods/Target Support Files/Pods-courseSync/Pods-courseSync.release.xcconfig"; sourceTree = "<group>"; };
		4BB5FA8F674795185F8E7B92 /* Pods_Electsys_Utility.framework */ = {isa = PBXFileReference; explicitFileType = wrapper.framework; includeInIndex = 0; path = Pods_Electsys_Utility.framework; sourceTree = BUILT_PRODUCTS_DIR; };
		6C93767FDE3DFC555E7904CA /* Pods_courseSync.framework */ = {isa = PBXFileReference; explicitFileType = wrapper.framework; includeInIndex = 0; path = Pods_courseSync.framework; sourceTree = BUILT_PRODUCTS_DIR; };
		8A04055C213984050060F93A /* SchoolDay.swift */ = {isa = PBXFileReference; lastKnownFileType = sourcecode.swift; path = SchoolDay.swift; sourceTree = "<group>"; };
		8A044788218D40D800BAB188 /* AboutViewController.swift */ = {isa = PBXFileReference; fileEncoding = 4; lastKnownFileType = sourcecode.swift; path = AboutViewController.swift; sourceTree = "<group>"; };
		8A09A485214E0EC0008EC502 /* GalleryIcon.swift */ = {isa = PBXFileReference; lastKnownFileType = sourcecode.swift; path = GalleryIcon.swift; sourceTree = "<group>"; };
		8A09A487214E1787008EC502 /* [deprecated] JsonRequester.swift */ = {isa = PBXFileReference; lastKnownFileType = sourcecode.swift; path = "[deprecated] JsonRequester.swift"; sourceTree = "<group>"; };
		8A09A489214E513C008EC502 /* SwiftyJSON.framework */ = {isa = PBXFileReference; explicitFileType = wrapper.framework; path = SwiftyJSON.framework; sourceTree = BUILT_PRODUCTS_DIR; };
		8A0AE465232A016200CE9E3A /* LoginKits.swift */ = {isa = PBXFileReference; lastKnownFileType = sourcecode.swift; path = LoginKits.swift; sourceTree = "<group>"; };
		8A0AE467232A017600CE9E3A /* LoginConst.swift */ = {isa = PBXFileReference; lastKnownFileType = sourcecode.swift; path = LoginConst.swift; sourceTree = "<group>"; };
		8A17ADAA232BAF530077DDCF /* Electsys Utility-Bridging-Header.h */ = {isa = PBXFileReference; lastKnownFileType = sourcecode.c.h; path = "Electsys Utility-Bridging-Header.h"; sourceTree = "<group>"; };
		8A17ADAB232BAF530077DDCF /* RMBlurredView.m */ = {isa = PBXFileReference; fileEncoding = 4; lastKnownFileType = sourcecode.c.objc; path = RMBlurredView.m; sourceTree = "<group>"; };
		8A17ADAC232BAF540077DDCF /* RMBlurredView.h */ = {isa = PBXFileReference; fileEncoding = 4; lastKnownFileType = sourcecode.c.h; path = RMBlurredView.h; sourceTree = "<group>"; };
		8A25DD692182D6EC002AD7C9 /* MenuWithSeparator.swift */ = {isa = PBXFileReference; lastKnownFileType = sourcecode.swift; path = MenuWithSeparator.swift; sourceTree = "<group>"; };
		8A26F331233DA87100F4E321 /* ExportFormatSelector+ExportFormatDecisionDelegate.swift */ = {isa = PBXFileReference; lastKnownFileType = sourcecode.swift; name = "ExportFormatSelector+ExportFormatDecisionDelegate.swift"; path = "Electsys Utility/ViewController/ExportFormatSelector+ExportFormatDecisionDelegate.swift"; sourceTree = SOURCE_ROOT; };
		8A26F332233DA87100F4E321 /* ExportFormatSelector.xib */ = {isa = PBXFileReference; lastKnownFileType = file.xib; name = ExportFormatSelector.xib; path = "Electsys Utility/ViewController/ExportFormatSelector.xib"; sourceTree = SOURCE_ROOT; };
		8A27D732232E51D8005AF5CA /* ExamKits.swift */ = {isa = PBXFileReference; lastKnownFileType = sourcecode.swift; path = ExamKits.swift; sourceTree = "<group>"; };
		8A27D734232E51E0005AF5CA /* ExamConst.swift */ = {isa = PBXFileReference; lastKnownFileType = sourcecode.swift; path = ExamConst.swift; sourceTree = "<group>"; };
		8A27D736232E51E7005AF5CA /* NGExam.swift */ = {isa = PBXFileReference; lastKnownFileType = sourcecode.swift; path = NGExam.swift; sourceTree = "<group>"; };
		8A27D739232E5388005AF5CA /* ScoreKits.swift */ = {isa = PBXFileReference; lastKnownFileType = sourcecode.swift; path = ScoreKits.swift; sourceTree = "<group>"; };
		8A27D73B232E538E005AF5CA /* ScoreConst.swift */ = {isa = PBXFileReference; lastKnownFileType = sourcecode.swift; path = ScoreConst.swift; sourceTree = "<group>"; };
		8A27D73D232E5394005AF5CA /* NGScore.swift */ = {isa = PBXFileReference; lastKnownFileType = sourcecode.swift; path = NGScore.swift; sourceTree = "<group>"; };
		8A27D73F232E5640005AF5CA /* ScoreQueryViewController.swift */ = {isa = PBXFileReference; lastKnownFileType = sourcecode.swift; path = ScoreQueryViewController.swift; sourceTree = "<group>"; };
		8A27D759232E61A3005AF5CA /* GPAKits.swift */ = {isa = PBXFileReference; lastKnownFileType = sourcecode.swift; path = GPAKits.swift; sourceTree = "<group>"; };
		8A27D75B232E7A92005AF5CA /* PreferencesViewController.swift */ = {isa = PBXFileReference; lastKnownFileType = sourcecode.swift; path = PreferencesViewController.swift; sourceTree = "<group>"; };
		8A2F1DFA21BD0FFC00978643 /* FullDataWindowController.swift */ = {isa = PBXFileReference; lastKnownFileType = sourcecode.swift; path = FullDataWindowController.swift; sourceTree = "<group>"; };
		8A33CF0A232F1F3B00BD6826 /* InspectorKits.swift */ = {isa = PBXFileReference; lastKnownFileType = sourcecode.swift; path = InspectorKits.swift; sourceTree = "<group>"; };
		8A33CF0E232F1F9C00BD6826 /* InspectedProperties.swift */ = {isa = PBXFileReference; lastKnownFileType = sourcecode.swift; path = InspectedProperties.swift; sourceTree = "<group>"; };
		8A33CF10232F2C0900BD6826 /* FeedBackViewController.swift */ = {isa = PBXFileReference; lastKnownFileType = sourcecode.swift; path = FeedBackViewController.swift; sourceTree = "<group>"; };
		8A3598F6232E1AC100FA0786 /* CourseKits.swift */ = {isa = PBXFileReference; lastKnownFileType = sourcecode.swift; path = CourseKits.swift; sourceTree = "<group>"; };
		8A3598F8232E1B0C00FA0786 /* CourseConst.swift */ = {isa = PBXFileReference; lastKnownFileType = sourcecode.swift; path = CourseConst.swift; sourceTree = "<group>"; };
		8A3598FB232E1C9300FA0786 /* IdentityKits.swift */ = {isa = PBXFileReference; lastKnownFileType = sourcecode.swift; path = IdentityKits.swift; sourceTree = "<group>"; };
		8A3598FF232E1D9A00FA0786 /* PreferenceKits.swift */ = {isa = PBXFileReference; lastKnownFileType = sourcecode.swift; path = PreferenceKits.swift; sourceTree = "<group>"; };
		8A359901232E25B000FA0786 /* NGCourse.swift */ = {isa = PBXFileReference; lastKnownFileType = sourcecode.swift; path = NGCourse.swift; sourceTree = "<group>"; };
		8A397DC32140B69900AE297A /* [deprecated] Curricula.swift */ = {isa = PBXFileReference; lastKnownFileType = sourcecode.swift; path = "[deprecated] Curricula.swift"; sourceTree = "<group>"; };
		8A397DC62140B87400AE297A /* Teacher.swift */ = {isa = PBXFileReference; lastKnownFileType = sourcecode.swift; path = Teacher.swift; sourceTree = "<group>"; };
		8A397DC82140B9C600AE297A /* CourseAnalyse.swift */ = {isa = PBXFileReference; lastKnownFileType = sourcecode.swift; path = CourseAnalyse.swift; sourceTree = "<group>"; };
		8A397DCA2140D6E500AE297A /* ExamSyncViewController.swift */ = {isa = PBXFileReference; lastKnownFileType = sourcecode.swift; path = ExamSyncViewController.swift; sourceTree = "<group>"; };
		8A397DCD2140D7F400AE297A /* ExamSyncHelper.swift */ = {isa = PBXFileReference; lastKnownFileType = sourcecode.swift; path = ExamSyncHelper.swift; sourceTree = "<group>"; };
		8A397DCF21410CFB00AE297A /* Exam.swift */ = {isa = PBXFileReference; lastKnownFileType = sourcecode.swift; path = Exam.swift; sourceTree = "<group>"; };
		8A424A3723309A8F00B7975B /* NGCurriculum.swift */ = {isa = PBXFileReference; lastKnownFileType = sourcecode.swift; path = NGCurriculum.swift; sourceTree = "<group>"; };
		8A424A3923309ADC00B7975B /* GalleryKits.swift */ = {isa = PBXFileReference; lastKnownFileType = sourcecode.swift; path = GalleryKits.swift; sourceTree = "<group>"; };
		8A44513021366418000156BD /* AppUtils.swift */ = {isa = PBXFileReference; lastKnownFileType = sourcecode.swift; path = AppUtils.swift; sourceTree = "<group>"; };
		8A49F6A921D4C47700010816 /* CurriculaHelper.swift */ = {isa = PBXFileReference; lastKnownFileType = sourcecode.swift; path = CurriculaHelper.swift; sourceTree = "<group>"; };
		8A4A22DA21362EAF0064488C /* Electsys Utility.app */ = {isa = PBXFileReference; explicitFileType = wrapper.application; includeInIndex = 0; path = "Electsys Utility.app"; sourceTree = BUILT_PRODUCTS_DIR; };
		8A4A22DD21362EAF0064488C /* AppDelegate.swift */ = {isa = PBXFileReference; lastKnownFileType = sourcecode.swift; path = AppDelegate.swift; sourceTree = "<group>"; };
		8A4A22DF21362EAF0064488C /* jAccountViewController.swift */ = {isa = PBXFileReference; lastKnownFileType = sourcecode.swift; path = jAccountViewController.swift; sourceTree = "<group>"; };
		8A4A22E421362EB00064488C /* Assets.xcassets */ = {isa = PBXFileReference; lastKnownFileType = folder.assetcatalog; path = Assets.xcassets; sourceTree = "<group>"; };
		8A4A22E921362EB00064488C /* Info.plist */ = {isa = PBXFileReference; lastKnownFileType = text.plist.xml; path = Info.plist; sourceTree = "<group>"; };
		8A4A22F0213631EC0064488C /* CreditsViewController.swift */ = {isa = PBXFileReference; fileEncoding = 4; lastKnownFileType = sourcecode.swift; path = CreditsViewController.swift; sourceTree = "<group>"; };
		8A4A22F42136443D0064488C /* LegacyLoginHelper.swift */ = {isa = PBXFileReference; lastKnownFileType = sourcecode.swift; path = LegacyLoginHelper.swift; sourceTree = "<group>"; };
		8A5029AF2333109600C4C266 /* VersionComparer.swift */ = {isa = PBXFileReference; lastKnownFileType = sourcecode.swift; path = VersionComparer.swift; sourceTree = "<group>"; };
		8A5102B623B07F620094658A /* ESLog.swift */ = {isa = PBXFileReference; lastKnownFileType = sourcecode.swift; path = ESLog.swift; sourceTree = "<group>"; };
		8A6E46A0233242DD00141C91 /* AdapterTableView.swift */ = {isa = PBXFileReference; fileEncoding = 4; lastKnownFileType = sourcecode.swift; path = AdapterTableView.swift; sourceTree = "<group>"; };
		8A6E46A2233242DD00141C91 /* BaseView.swift */ = {isa = PBXFileReference; fileEncoding = 4; lastKnownFileType = sourcecode.swift; path = BaseView.swift; sourceTree = "<group>"; };
		8A6E46A3233242DD00141C91 /* TableView.swift */ = {isa = PBXFileReference; fileEncoding = 4; lastKnownFileType = sourcecode.swift; path = TableView.swift; sourceTree = "<group>"; };
		8A6E46A4233242DD00141C91 /* TableViewController.swift */ = {isa = PBXFileReference; fileEncoding = 4; lastKnownFileType = sourcecode.swift; path = TableViewController.swift; sourceTree = "<group>"; };
		8A6E58A82138054D00FF38CF /* Course.swift */ = {isa = PBXFileReference; lastKnownFileType = sourcecode.swift; path = Course.swift; sourceTree = "<group>"; };
		8A747FF82137AB3800AB67BB /* HtmlGetViewController.swift */ = {isa = PBXFileReference; lastKnownFileType = sourcecode.swift; path = HtmlGetViewController.swift; sourceTree = "<group>"; };
		8A7F528A2137D65A00FBA008 /* SchoolTime.swift */ = {isa = PBXFileReference; lastKnownFileType = sourcecode.swift; path = SchoolTime.swift; sourceTree = "<group>"; };
		8A8EE6D92330D5E0007DD732 /* ArrayBeautify.swift */ = {isa = PBXFileReference; lastKnownFileType = sourcecode.swift; path = ArrayBeautify.swift; sourceTree = "<group>"; };
		8A96D489214026F4009E90CA /* CourseQuery.swift */ = {isa = PBXFileReference; lastKnownFileType = sourcecode.swift; path = CourseQuery.swift; sourceTree = "<group>"; };
		8A96E4B02139788A00B476E0 /* Alamofire.framework */ = {isa = PBXFileReference; explicitFileType = wrapper.framework; path = Alamofire.framework; sourceTree = BUILT_PRODUCTS_DIR; };
		8A96E4B22139789000B476E0 /* Regex.framework */ = {isa = PBXFileReference; explicitFileType = wrapper.framework; path = Regex.framework; sourceTree = BUILT_PRODUCTS_DIR; };
		8A96E4B42139789300B476E0 /* Kanna.framework */ = {isa = PBXFileReference; explicitFileType = wrapper.framework; path = Kanna.framework; sourceTree = BUILT_PRODUCTS_DIR; };
		8A96E4B62139789900B476E0 /* Alamofire.framework */ = {isa = PBXFileReference; explicitFileType = wrapper.framework; path = Alamofire.framework; sourceTree = BUILT_PRODUCTS_DIR; };
		8AA627A1214A5B6F003906BD /* Alamofire.framework */ = {isa = PBXFileReference; explicitFileType = wrapper.framework; path = Alamofire.framework; sourceTree = BUILT_PRODUCTS_DIR; };
		8AA627A3214A5B72003906BD /* Regex.framework */ = {isa = PBXFileReference; explicitFileType = wrapper.framework; path = Regex.framework; sourceTree = BUILT_PRODUCTS_DIR; };
		8AA627A5214A5B75003906BD /* Kanna.framework */ = {isa = PBXFileReference; explicitFileType = wrapper.framework; path = Kanna.framework; sourceTree = BUILT_PRODUCTS_DIR; };
		8AA627A7214A5C3E003906BD /* Cocoa.framework */ = {isa = PBXFileReference; lastKnownFileType = wrapper.framework; name = Cocoa.framework; path = System/Library/Frameworks/Cocoa.framework; sourceTree = SDKROOT; };
		8AA79CE421D70F1E007D272B /* MainTabViewController.swift */ = {isa = PBXFileReference; fileEncoding = 4; lastKnownFileType = sourcecode.swift; name = MainTabViewController.swift; path = "Electsys Utility/UIKits/MainTabViewController.swift"; sourceTree = SOURCE_ROOT; };
		8AA79CE521D70F1E007D272B /* MainViewController.swift */ = {isa = PBXFileReference; fileEncoding = 4; lastKnownFileType = sourcecode.swift; name = MainViewController.swift; path = "Electsys Utility/UIKits/MainViewController.swift"; sourceTree = SOURCE_ROOT; };
		8AAB6F572172FA4C00D0FF61 /* TransparentTitleWindowController.swift */ = {isa = PBXFileReference; lastKnownFileType = sourcecode.swift; path = TransparentTitleWindowController.swift; sourceTree = "<group>"; };
		8AAD7F1B21D4D05C0019E9F8 /* Main.storyboard */ = {isa = PBXFileReference; lastKnownFileType = file.storyboard; path = Main.storyboard; sourceTree = "<group>"; };
		8AB614A223976F7700AA8175 /* TouchBarIdentifier.swift */ = {isa = PBXFileReference; lastKnownFileType = sourcecode.swift; path = TouchBarIdentifier.swift; sourceTree = "<group>"; };
		8AB95212232936D80034C304 /* TermSelectingViewController.swift */ = {isa = PBXFileReference; lastKnownFileType = sourcecode.swift; path = TermSelectingViewController.swift; sourceTree = "<group>"; };
		8ACB34652140143C002053D0 /* FullDataViewController.swift */ = {isa = PBXFileReference; lastKnownFileType = sourcecode.swift; path = FullDataViewController.swift; sourceTree = "<group>"; };
		8ACEEB05213CB04200A7776E /* RandomNames.swift */ = {isa = PBXFileReference; lastKnownFileType = sourcecode.swift; path = RandomNames.swift; sourceTree = "<group>"; };
		8AD04CFC213BC40200D59DB1 /* DateUtils.swift */ = {isa = PBXFileReference; lastKnownFileType = sourcecode.swift; path = DateUtils.swift; sourceTree = "<group>"; };
		8AD04CFE213BC58800D59DB1 /* EventKit.framework */ = {isa = PBXFileReference; lastKnownFileType = wrapper.framework; name = EventKit.framework; path = System/Library/Frameworks/EventKit.framework; sourceTree = SDKROOT; };
		8AD04F03257F25D900291A48 /* WebLoginDelegate.swift */ = {isa = PBXFileReference; lastKnownFileType = sourcecode.swift; path = WebLoginDelegate.swift; sourceTree = "<group>"; };
		8AD04F07257F2D4500291A48 /* CookieParserViewController.swift */ = {isa = PBXFileReference; lastKnownFileType = sourcecode.swift; path = CookieParserViewController.swift; sourceTree = "<group>"; };
		8AD4A49B2138B2A900F7E5E8 /* ResolveViewController.swift */ = {isa = PBXFileReference; lastKnownFileType = sourcecode.swift; path = ResolveViewController.swift; sourceTree = "<group>"; };
		8AD4A49D2138C8D800F7E5E8 /* LegacyHtmlParser.swift */ = {isa = PBXFileReference; lastKnownFileType = sourcecode.swift; path = LegacyHtmlParser.swift; sourceTree = "<group>"; };
		8AD7FA2D257F055B0066DA35 /* CaptchaHelper.swift */ = {isa = PBXFileReference; lastKnownFileType = sourcecode.swift; path = CaptchaHelper.swift; sourceTree = "<group>"; };
		8AD7FA31257F14280066DA35 /* WebLoginViewController.swift */ = {isa = PBXFileReference; lastKnownFileType = sourcecode.swift; path = WebLoginViewController.swift; sourceTree = "<group>"; };
		8AEA9366234F526600952904 /* sidebar.01.about.icon.png */ = {isa = PBXFileReference; lastKnownFileType = image.png; path = sidebar.01.about.icon.png; sourceTree = "<group>"; };
		8AEA9367234F526600952904 /* sidebar.02.preferences.icon.png */ = {isa = PBXFileReference; lastKnownFileType = image.png; path = sidebar.02.preferences.icon.png; sourceTree = "<group>"; };
		8AEA9368234F526600952904 /* sidebar.03.acknowledgements.icon.png */ = {isa = PBXFileReference; lastKnownFileType = image.png; path = sidebar.03.acknowledgements.icon.png; sourceTree = "<group>"; };
		8AEA9369234F526600952904 /* sidebar.05.courses.icon.png */ = {isa = PBXFileReference; lastKnownFileType = image.png; path = sidebar.05.courses.icon.png; sourceTree = "<group>"; };
		8AEA936A234F526600952904 /* sidebar.06.exam.icon.png */ = {isa = PBXFileReference; lastKnownFileType = image.png; path = sidebar.06.exam.icon.png; sourceTree = "<group>"; };
		8AEA936B234F526600952904 /* sidebar.07.score.icon.png */ = {isa = PBXFileReference; lastKnownFileType = image.png; path = sidebar.07.score.icon.png; sourceTree = "<group>"; };
		8AEA936C234F526600952904 /* sidebar.08.import.icon.png */ = {isa = PBXFileReference; lastKnownFileType = image.png; path = sidebar.08.import.icon.png; sourceTree = "<group>"; };
		8AEA936D234F526600952904 /* sidebar.09.library.icon.png */ = {isa = PBXFileReference; lastKnownFileType = image.png; path = sidebar.09.library.icon.png; sourceTree = "<group>"; };
		8AEA936E234F526600952904 /* sidebar.10.question.icon.png */ = {isa = PBXFileReference; lastKnownFileType = image.png; path = sidebar.10.question.icon.png; sourceTree = "<group>"; };
		8AF47F22233269F700F00E28 /* GitHubInstallWindowController.h */ = {isa = PBXFileReference; fileEncoding = 4; lastKnownFileType = sourcecode.c.h; path = GitHubInstallWindowController.h; sourceTree = "<group>"; };
		8AF47F23233269F700F00E28 /* GitHubInstallWindowController.m */ = {isa = PBXFileReference; fileEncoding = 4; lastKnownFileType = sourcecode.c.objc; path = GitHubInstallWindowController.m; sourceTree = "<group>"; };
		8AF47F24233269F800F00E28 /* GitHubProgressWindowController.h */ = {isa = PBXFileReference; fileEncoding = 4; lastKnownFileType = sourcecode.c.h; path = GitHubProgressWindowController.h; sourceTree = "<group>"; };
		8AF47F25233269F800F00E28 /* GitHubProgressWindowController.m */ = {isa = PBXFileReference; fileEncoding = 4; lastKnownFileType = sourcecode.c.objc; path = GitHubProgressWindowController.m; sourceTree = "<group>"; };
		8AF47F26233269F800F00E28 /* GitHubRelease.h */ = {isa = PBXFileReference; fileEncoding = 4; lastKnownFileType = sourcecode.c.h; path = GitHubRelease.h; sourceTree = "<group>"; };
		8AF47F27233269F800F00E28 /* GitHubRelease.m */ = {isa = PBXFileReference; fileEncoding = 4; lastKnownFileType = sourcecode.c.objc; path = GitHubRelease.m; sourceTree = "<group>"; };
		8AF47F28233269F800F00E28 /* GitHubReleaseAsset.h */ = {isa = PBXFileReference; fileEncoding = 4; lastKnownFileType = sourcecode.c.h; path = GitHubReleaseAsset.h; sourceTree = "<group>"; };
		8AF47F29233269F800F00E28 /* GitHubReleaseAsset.m */ = {isa = PBXFileReference; fileEncoding = 4; lastKnownFileType = sourcecode.c.objc; path = GitHubReleaseAsset.m; sourceTree = "<group>"; };
		8AF47F2A233269F800F00E28 /* GitHubUpdater.h */ = {isa = PBXFileReference; fileEncoding = 4; lastKnownFileType = sourcecode.c.h; path = GitHubUpdater.h; sourceTree = "<group>"; };
		8AF47F2B233269F800F00E28 /* GitHubUpdater.m */ = {isa = PBXFileReference; fileEncoding = 4; lastKnownFileType = sourcecode.c.objc; path = GitHubUpdater.m; sourceTree = "<group>"; };
		8AF47F2C233269F800F00E28 /* GitHubUpdaterDelegate.h */ = {isa = PBXFileReference; fileEncoding = 4; lastKnownFileType = sourcecode.c.h; path = GitHubUpdaterDelegate.h; sourceTree = "<group>"; };
		8AF47F2D233269F800F00E28 /* GitHubUpdates.h */ = {isa = PBXFileReference; fileEncoding = 4; lastKnownFileType = sourcecode.c.h; path = GitHubUpdates.h; sourceTree = "<group>"; };
		8AF47F2E233269F800F00E28 /* GitHubVersion.h */ = {isa = PBXFileReference; fileEncoding = 4; lastKnownFileType = sourcecode.c.h; path = GitHubVersion.h; sourceTree = "<group>"; };
		8AF47F2F233269F800F00E28 /* GitHubVersion.m */ = {isa = PBXFileReference; fileEncoding = 4; lastKnownFileType = sourcecode.c.objc; path = GitHubVersion.m; sourceTree = "<group>"; };
		8AF47F30233269F800F00E28 /* Info.plist */ = {isa = PBXFileReference; fileEncoding = 4; lastKnownFileType = text.plist.xml; path = Info.plist; sourceTree = "<group>"; };
		8AF47F33233269F800F00E28 /* Base */ = {isa = PBXFileReference; lastKnownFileType = file.xib; name = Base; path = Base.lproj/GitHubInstallWindowController.xib; sourceTree = "<group>"; };
		8AF47F35233269F800F00E28 /* Base */ = {isa = PBXFileReference; lastKnownFileType = file.xib; name = Base; path = Base.lproj/GitHubProgressWindowController.xib; sourceTree = "<group>"; };
		8AF47F37233269F800F00E28 /* GitHubTemplate.pdf */ = {isa = PBXFileReference; lastKnownFileType = image.pdf; path = GitHubTemplate.pdf; sourceTree = "<group>"; };
		8AF47F38233269F800F00E28 /* Install.pdf */ = {isa = PBXFileReference; lastKnownFileType = image.pdf; path = Install.pdf; sourceTree = "<group>"; };
		8AF47F39233269F800F00E28 /* NSAttributedString+GitHubUpdates.h */ = {isa = PBXFileReference; fileEncoding = 4; lastKnownFileType = sourcecode.c.h; path = "NSAttributedString+GitHubUpdates.h"; sourceTree = "<group>"; };
		8AF47F3A233269F800F00E28 /* NSAttributedString+GitHubUpdates.m */ = {isa = PBXFileReference; fileEncoding = 4; lastKnownFileType = sourcecode.c.objc; path = "NSAttributedString+GitHubUpdates.m"; sourceTree = "<group>"; };
		8AF47F3B233269F800F00E28 /* NSBundle+GitHubUpdates.h */ = {isa = PBXFileReference; fileEncoding = 4; lastKnownFileType = sourcecode.c.h; path = "NSBundle+GitHubUpdates.h"; sourceTree = "<group>"; };
		8AF47F3C233269F800F00E28 /* NSBundle+GitHubUpdates.m */ = {isa = PBXFileReference; fileEncoding = 4; lastKnownFileType = sourcecode.c.objc; path = "NSBundle+GitHubUpdates.m"; sourceTree = "<group>"; };
		8AF47F3D233269F800F00E28 /* NSError+GitHubUpdates.h */ = {isa = PBXFileReference; fileEncoding = 4; lastKnownFileType = sourcecode.c.h; path = "NSError+GitHubUpdates.h"; sourceTree = "<group>"; };
		8AF47F3E233269F800F00E28 /* NSError+GitHubUpdates.m */ = {isa = PBXFileReference; fileEncoding = 4; lastKnownFileType = sourcecode.c.objc; path = "NSError+GitHubUpdates.m"; sourceTree = "<group>"; };
		8AF47F3F233269F800F00E28 /* NSMutableAttributedString+GitHubUpdates.h */ = {isa = PBXFileReference; fileEncoding = 4; lastKnownFileType = sourcecode.c.h; path = "NSMutableAttributedString+GitHubUpdates.h"; sourceTree = "<group>"; };
		8AF47F40233269F800F00E28 /* NSMutableAttributedString+GitHubUpdates.m */ = {isa = PBXFileReference; fileEncoding = 4; lastKnownFileType = sourcecode.c.objc; path = "NSMutableAttributedString+GitHubUpdates.m"; sourceTree = "<group>"; };
		8AF47F41233269F800F00E28 /* NSString+GitHubUpdates.h */ = {isa = PBXFileReference; fileEncoding = 4; lastKnownFileType = sourcecode.c.h; path = "NSString+GitHubUpdates.h"; sourceTree = "<group>"; };
		8AF47F42233269F800F00E28 /* NSString+GitHubUpdates.m */ = {isa = PBXFileReference; fileEncoding = 4; lastKnownFileType = sourcecode.c.objc; path = "NSString+GitHubUpdates.m"; sourceTree = "<group>"; };
		8AF47F43233269F800F00E28 /* Pair.h */ = {isa = PBXFileReference; fileEncoding = 4; lastKnownFileType = sourcecode.c.h; path = Pair.h; sourceTree = "<group>"; };
		8AF47F44233269F800F00E28 /* Pair.m */ = {isa = PBXFileReference; fileEncoding = 4; lastKnownFileType = sourcecode.c.objc; path = Pair.m; sourceTree = "<group>"; };
		98F9E28D0C6712645ED2C4D2 /* Pods-Electsys Utility.release.xcconfig */ = {isa = PBXFileReference; includeInIndex = 1; lastKnownFileType = text.xcconfig; name = "Pods-Electsys Utility.release.xcconfig"; path = "Pods/Target Support Files/Pods-Electsys Utility/Pods-Electsys Utility.release.xcconfig"; sourceTree = "<group>"; };
		9DC9CE2F64C043C009C22FAA /* Pods-Electsys Utility.debug.xcconfig */ = {isa = PBXFileReference; includeInIndex = 1; lastKnownFileType = text.xcconfig; name = "Pods-Electsys Utility.debug.xcconfig"; path = "Pods/Target Support Files/Pods-Electsys Utility/Pods-Electsys Utility.debug.xcconfig"; sourceTree = "<group>"; };
		B219B33155D0D7A3C6BDC304 /* Pods-Sync Utility.debug.xcconfig */ = {isa = PBXFileReference; includeInIndex = 1; lastKnownFileType = text.xcconfig; name = "Pods-Sync Utility.debug.xcconfig"; path = "Pods/Target Support Files/Pods-Sync Utility/Pods-Sync Utility.debug.xcconfig"; sourceTree = "<group>"; };
		D3EE30836E5688BDC202DEE0 /* Pods-Sync Utility.release.xcconfig */ = {isa = PBXFileReference; includeInIndex = 1; lastKnownFileType = text.xcconfig; name = "Pods-Sync Utility.release.xcconfig"; path = "Pods/Target Support Files/Pods-Sync Utility/Pods-Sync Utility.release.xcconfig"; sourceTree = "<group>"; };
		EE26F8B0524475210410BF0F /* Pods-courseSync.debug.xcconfig */ = {isa = PBXFileReference; includeInIndex = 1; lastKnownFileType = text.xcconfig; name = "Pods-courseSync.debug.xcconfig"; path = "Pods/Target Support Files/Pods-courseSync/Pods-courseSync.debug.xcconfig"; sourceTree = "<group>"; };
		FAF6AAB4208DB297833B7167 /* Pods_Sync_Utility.framework */ = {isa = PBXFileReference; explicitFileType = wrapper.framework; includeInIndex = 0; path = Pods_Sync_Utility.framework; sourceTree = BUILT_PRODUCTS_DIR; };
/* End PBXFileReference section */

/* Begin PBXFrameworksBuildPhase section */
		8A4A22D721362EAF0064488C /* Frameworks */ = {
			isa = PBXFrameworksBuildPhase;
			buildActionMask = 2147483647;
			files = (
				8A09A48A214E513C008EC502 /* SwiftyJSON.framework in Frameworks */,
				8AB589C9214B7F300088B190 /* EventKit.framework in Frameworks */,
				8AA627A8214A5C3E003906BD /* Cocoa.framework in Frameworks */,
				8AA627A4214A5B75003906BD /* Kanna.framework in Frameworks */,
				8AA627A2214A5B72003906BD /* Regex.framework in Frameworks */,
				8AA627A0214A5B6F003906BD /* Alamofire.framework in Frameworks */,
				8AA6279F214A5B68003906BD /* Pods_Electsys_Utility.framework in Frameworks */,
			);
			runOnlyForDeploymentPostprocessing = 0;
		};
/* End PBXFrameworksBuildPhase section */

/* Begin PBXGroup section */
		7F6671998AA5242BF06E5E28 /* Pods */ = {
			isa = PBXGroup;
			children = (
				EE26F8B0524475210410BF0F /* Pods-courseSync.debug.xcconfig */,
				2DE148D3735F9F40099E038A /* Pods-courseSync.release.xcconfig */,
				B219B33155D0D7A3C6BDC304 /* Pods-Sync Utility.debug.xcconfig */,
				D3EE30836E5688BDC202DEE0 /* Pods-Sync Utility.release.xcconfig */,
				9DC9CE2F64C043C009C22FAA /* Pods-Electsys Utility.debug.xcconfig */,
				98F9E28D0C6712645ED2C4D2 /* Pods-Electsys Utility.release.xcconfig */,
			);
			name = Pods;
			sourceTree = "<group>";
		};
		8A09A484214E0E9C008EC502 /* GalleryKits */ = {
			isa = PBXGroup;
			children = (
				8A09A485214E0EC0008EC502 /* GalleryIcon.swift */,
				8A397DC32140B69900AE297A /* [deprecated] Curricula.swift */,
				8A09A487214E1787008EC502 /* [deprecated] JsonRequester.swift */,
				8A424A3723309A8F00B7975B /* NGCurriculum.swift */,
				8A424A3923309ADC00B7975B /* GalleryKits.swift */,
			);
			path = GalleryKits;
			sourceTree = "<group>";
		};
		8A0AE461232A003900CE9E3A /* BlurView */ = {
			isa = PBXGroup;
			children = (
				8A17ADAC232BAF540077DDCF /* RMBlurredView.h */,
				8A17ADAB232BAF530077DDCF /* RMBlurredView.m */,
			);
			path = BlurView;
			sourceTree = "<group>";
		};
		8A0AE464232A015500CE9E3A /* LoginKits */ = {
			isa = PBXGroup;
			children = (
				8A0AE465232A016200CE9E3A /* LoginKits.swift */,
				8A0AE467232A017600CE9E3A /* LoginConst.swift */,
				8AD7FA2D257F055B0066DA35 /* CaptchaHelper.swift */,
			);
			path = LoginKits;
			sourceTree = "<group>";
		};
		8A233761214A5738007F0957 /* Storyboard */ = {
			isa = PBXGroup;
			children = (
				8AAD7F1B21D4D05C0019E9F8 /* Main.storyboard */,
				8A26F331233DA87100F4E321 /* ExportFormatSelector+ExportFormatDecisionDelegate.swift */,
				8A26F332233DA87100F4E321 /* ExportFormatSelector.xib */,
			);
			path = Storyboard;
			sourceTree = "<group>";
		};
		8A27D731232E51CD005AF5CA /* ExamKits */ = {
			isa = PBXGroup;
			children = (
				8A27D732232E51D8005AF5CA /* ExamKits.swift */,
				8A27D734232E51E0005AF5CA /* ExamConst.swift */,
				8A27D736232E51E7005AF5CA /* NGExam.swift */,
			);
			path = ExamKits;
			sourceTree = "<group>";
		};
		8A27D738232E537E005AF5CA /* ScoreKits */ = {
			isa = PBXGroup;
			children = (
				8A27D739232E5388005AF5CA /* ScoreKits.swift */,
				8A27D73B232E538E005AF5CA /* ScoreConst.swift */,
				8A27D73D232E5394005AF5CA /* NGScore.swift */,
				8A27D759232E61A3005AF5CA /* GPAKits.swift */,
			);
			path = ScoreKits;
			sourceTree = "<group>";
		};
		8A33CF09232F1F2F00BD6826 /* InspectorKits */ = {
			isa = PBXGroup;
			children = (
				8A33CF0A232F1F3B00BD6826 /* InspectorKits.swift */,
				8A33CF0E232F1F9C00BD6826 /* InspectedProperties.swift */,
			);
			path = InspectorKits;
			sourceTree = "<group>";
		};
		8A3598F5232E1A9700FA0786 /* CourseKits */ = {
			isa = PBXGroup;
			children = (
				8A3598F6232E1AC100FA0786 /* CourseKits.swift */,
				8A3598F8232E1B0C00FA0786 /* CourseConst.swift */,
				8A359901232E25B000FA0786 /* NGCourse.swift */,
			);
			path = CourseKits;
			sourceTree = "<group>";
		};
		8A3598FA232E1C8600FA0786 /* IdentityKits */ = {
			isa = PBXGroup;
			children = (
				8A3598FB232E1C9300FA0786 /* IdentityKits.swift */,
			);
			path = IdentityKits;
			sourceTree = "<group>";
		};
		8A3598FD232E1D8100FA0786 /* PreferenceKits */ = {
			isa = PBXGroup;
			children = (
				8A3598FF232E1D9A00FA0786 /* PreferenceKits.swift */,
			);
			path = PreferenceKits;
			sourceTree = "<group>";
		};
		8A397DC52140B84800AE297A /* Deprecated_DataGrabKits */ = {
			isa = PBXGroup;
			children = (
				8A96D489214026F4009E90CA /* CourseQuery.swift */,
				8A397DC62140B87400AE297A /* Teacher.swift */,
				8A397DC82140B9C600AE297A /* CourseAnalyse.swift */,
			);
			path = Deprecated_DataGrabKits;
			sourceTree = "<group>";
		};
		8A397DCC2140D7E400AE297A /* LegacyExamSyncKits */ = {
			isa = PBXGroup;
			children = (
				8A397DCD2140D7F400AE297A /* ExamSyncHelper.swift */,
				8A397DCF21410CFB00AE297A /* Exam.swift */,
			);
			path = LegacyExamSyncKits;
			sourceTree = "<group>";
		};
		8A49F6A321D4B8CE00010816 /* UIKits */ = {
			isa = PBXGroup;
			children = (
				8AA79CE421D70F1E007D272B /* MainTabViewController.swift */,
				8AA79CE521D70F1E007D272B /* MainViewController.swift */,
			);
			name = UIKits;
			path = "New Group1";
			sourceTree = "<group>";
		};
		8A49F6A621D4C44B00010816 /* LegacyLoginKits */ = {
			isa = PBXGroup;
			children = (
				8A4A22F42136443D0064488C /* LegacyLoginHelper.swift */,
				8A49F6A921D4C47700010816 /* CurriculaHelper.swift */,
				8AD4A49D2138C8D800F7E5E8 /* LegacyHtmlParser.swift */,
			);
			path = LegacyLoginKits;
			sourceTree = "<group>";
		};
		8A4A22D121362EAF0064488C = {
			isa = PBXGroup;
			children = (
				8A5102B523B07F4D0094658A /* LogKits */,
				8AEA9365234F526600952904 /* Icons */,
				8A5029AF2333109600C4C266 /* VersionComparer.swift */,
				8A17ADAA232BAF530077DDCF /* Electsys Utility-Bridging-Header.h */,
				8AF47F20233269F700F00E28 /* GitHubUpdate */,
				8A6E469E233242DD00141C91 /* AdaptableTableView */,
				8A0AE461232A003900CE9E3A /* BlurView */,
				8A4A22DC21362EAF0064488C /* Electsys Utility */,
				8A4A22DB21362EAF0064488C /* Products */,
				7F6671998AA5242BF06E5E28 /* Pods */,
				CEBAC5F7F8148695C76C2836 /* Frameworks */,
			);
			sourceTree = "<group>";
		};
		8A4A22DB21362EAF0064488C /* Products */ = {
			isa = PBXGroup;
			children = (
				8A4A22DA21362EAF0064488C /* Electsys Utility.app */,
			);
			name = Products;
			sourceTree = "<group>";
		};
		8A4A22DC21362EAF0064488C /* Electsys Utility */ = {
			isa = PBXGroup;
			children = (
				8AD7FA30257F14120066DA35 /* WebLoginKits */,
				8AB614A123976F5D00AA8175 /* TouchBarKits */,
				8A09A484214E0E9C008EC502 /* GalleryKits */,
				8A33CF09232F1F2F00BD6826 /* InspectorKits */,
				8A27D738232E537E005AF5CA /* ScoreKits */,
				8A27D731232E51CD005AF5CA /* ExamKits */,
				8A3598FD232E1D8100FA0786 /* PreferenceKits */,
				8A3598FA232E1C8600FA0786 /* IdentityKits */,
				8A3598F5232E1A9700FA0786 /* CourseKits */,
				8A0AE464232A015500CE9E3A /* LoginKits */,
				8A49F6A621D4C44B00010816 /* LegacyLoginKits */,
				8A49F6A321D4B8CE00010816 /* UIKits */,
				8A233761214A5738007F0957 /* Storyboard */,
				8A397DC52140B84800AE297A /* Deprecated_DataGrabKits */,
				8A397DCC2140D7E400AE297A /* LegacyExamSyncKits */,
				8AB4A34D21375FDE00F7F382 /* LegacyScheduleKits */,
				8A4A22F3213644140064488C /* Utilities */,
				8A4A22F2213631F20064488C /* ViewController */,
				8A4A22DD21362EAF0064488C /* AppDelegate.swift */,
				8A4A22E421362EB00064488C /* Assets.xcassets */,
				8A4A22E921362EB00064488C /* Info.plist */,
			);
			path = "Electsys Utility";
			sourceTree = "<group>";
		};
		8A4A22F2213631F20064488C /* ViewController */ = {
			isa = PBXGroup;
			children = (
				8AD7FA31257F14280066DA35 /* WebLoginViewController.swift */,
				8A044788218D40D800BAB188 /* AboutViewController.swift */,
				8A4A22DF21362EAF0064488C /* jAccountViewController.swift */,
				8A747FF82137AB3800AB67BB /* HtmlGetViewController.swift */,
				8A4A22F0213631EC0064488C /* CreditsViewController.swift */,
				8AD4A49B2138B2A900F7E5E8 /* ResolveViewController.swift */,
				8ACB34652140143C002053D0 /* FullDataViewController.swift */,
				8A397DCA2140D6E500AE297A /* ExamSyncViewController.swift */,
				8AAB6F572172FA4C00D0FF61 /* TransparentTitleWindowController.swift */,
				8A25DD692182D6EC002AD7C9 /* MenuWithSeparator.swift */,
				8A2F1DFA21BD0FFC00978643 /* FullDataWindowController.swift */,
				8AB95212232936D80034C304 /* TermSelectingViewController.swift */,
				8A27D73F232E5640005AF5CA /* ScoreQueryViewController.swift */,
				8A27D75B232E7A92005AF5CA /* PreferencesViewController.swift */,
				8A33CF10232F2C0900BD6826 /* FeedBackViewController.swift */,
				8AD04F07257F2D4500291A48 /* CookieParserViewController.swift */,
			);
			path = ViewController;
			sourceTree = "<group>";
		};
		8A4A22F3213644140064488C /* Utilities */ = {
			isa = PBXGroup;
			children = (
				8A44513021366418000156BD /* AppUtils.swift */,
				8A8EE6D92330D5E0007DD732 /* ArrayBeautify.swift */,
			);
			path = Utilities;
			sourceTree = "<group>";
		};
		8A5102B523B07F4D0094658A /* LogKits */ = {
			isa = PBXGroup;
			children = (
				8A5102B623B07F620094658A /* ESLog.swift */,
			);
			path = LogKits;
			sourceTree = "<group>";
		};
		8A6E469E233242DD00141C91 /* AdaptableTableView */ = {
			isa = PBXGroup;
			children = (
				8A6E469F233242DD00141C91 /* Adapter */,
				8A6E46A1233242DD00141C91 /* Base */,
				8A6E46A3233242DD00141C91 /* TableView.swift */,
				8A6E46A4233242DD00141C91 /* TableViewController.swift */,
			);
			path = AdaptableTableView;
			sourceTree = "<group>";
		};
		8A6E469F233242DD00141C91 /* Adapter */ = {
			isa = PBXGroup;
			children = (
				8A6E46A0233242DD00141C91 /* AdapterTableView.swift */,
			);
			path = Adapter;
			sourceTree = "<group>";
		};
		8A6E46A1233242DD00141C91 /* Base */ = {
			isa = PBXGroup;
			children = (
				8A6E46A2233242DD00141C91 /* BaseView.swift */,
			);
			path = Base;
			sourceTree = "<group>";
		};
		8AB4A34D21375FDE00F7F382 /* LegacyScheduleKits */ = {
			isa = PBXGroup;
			children = (
				8A6E58A82138054D00FF38CF /* Course.swift */,
				8A7F528A2137D65A00FBA008 /* SchoolTime.swift */,
				8A04055C213984050060F93A /* SchoolDay.swift */,
				8AD04CFC213BC40200D59DB1 /* DateUtils.swift */,
				8ACEEB05213CB04200A7776E /* RandomNames.swift */,
			);
			path = LegacyScheduleKits;
			sourceTree = "<group>";
		};
		8AB614A123976F5D00AA8175 /* TouchBarKits */ = {
			isa = PBXGroup;
			children = (
				8AB614A223976F7700AA8175 /* TouchBarIdentifier.swift */,
			);
			path = TouchBarKits;
			sourceTree = "<group>";
		};
		8AD7FA30257F14120066DA35 /* WebLoginKits */ = {
			isa = PBXGroup;
			children = (
				8AD04F03257F25D900291A48 /* WebLoginDelegate.swift */,
			);
			path = WebLoginKits;
			sourceTree = "<group>";
		};
		8AEA9365234F526600952904 /* Icons */ = {
			isa = PBXGroup;
			children = (
				8AEA9366234F526600952904 /* sidebar.01.about.icon.png */,
				8AEA9367234F526600952904 /* sidebar.02.preferences.icon.png */,
				8AEA9368234F526600952904 /* sidebar.03.acknowledgements.icon.png */,
				8AEA9369234F526600952904 /* sidebar.05.courses.icon.png */,
				8AEA936A234F526600952904 /* sidebar.06.exam.icon.png */,
				8AEA936B234F526600952904 /* sidebar.07.score.icon.png */,
				8AEA936C234F526600952904 /* sidebar.08.import.icon.png */,
				8AEA936D234F526600952904 /* sidebar.09.library.icon.png */,
				8AEA936E234F526600952904 /* sidebar.10.question.icon.png */,
			);
			name = Icons;
			path = ../Icons;
			sourceTree = "<group>";
		};
		8AF47F20233269F700F00E28 /* GitHubUpdate */ = {
			isa = PBXGroup;
			children = (
				8AF47F21233269F700F00E28 /* Source */,
			);
			name = GitHubUpdate;
			path = ../GitHubUpdate;
			sourceTree = "<group>";
		};
		8AF47F21233269F700F00E28 /* Source */ = {
			isa = PBXGroup;
			children = (
				8AF47F22233269F700F00E28 /* GitHubInstallWindowController.h */,
				8AF47F23233269F700F00E28 /* GitHubInstallWindowController.m */,
				8AF47F24233269F800F00E28 /* GitHubProgressWindowController.h */,
				8AF47F25233269F800F00E28 /* GitHubProgressWindowController.m */,
				8AF47F26233269F800F00E28 /* GitHubRelease.h */,
				8AF47F27233269F800F00E28 /* GitHubRelease.m */,
				8AF47F28233269F800F00E28 /* GitHubReleaseAsset.h */,
				8AF47F29233269F800F00E28 /* GitHubReleaseAsset.m */,
				8AF47F2A233269F800F00E28 /* GitHubUpdater.h */,
				8AF47F2B233269F800F00E28 /* GitHubUpdater.m */,
				8AF47F2C233269F800F00E28 /* GitHubUpdaterDelegate.h */,
				8AF47F2D233269F800F00E28 /* GitHubUpdates.h */,
				8AF47F2E233269F800F00E28 /* GitHubVersion.h */,
				8AF47F2F233269F800F00E28 /* GitHubVersion.m */,
				8AF47F30233269F800F00E28 /* Info.plist */,
				8AF47F31233269F800F00E28 /* Interface */,
				8AF47F39233269F800F00E28 /* NSAttributedString+GitHubUpdates.h */,
				8AF47F3A233269F800F00E28 /* NSAttributedString+GitHubUpdates.m */,
				8AF47F3B233269F800F00E28 /* NSBundle+GitHubUpdates.h */,
				8AF47F3C233269F800F00E28 /* NSBundle+GitHubUpdates.m */,
				8AF47F3D233269F800F00E28 /* NSError+GitHubUpdates.h */,
				8AF47F3E233269F800F00E28 /* NSError+GitHubUpdates.m */,
				8AF47F3F233269F800F00E28 /* NSMutableAttributedString+GitHubUpdates.h */,
				8AF47F40233269F800F00E28 /* NSMutableAttributedString+GitHubUpdates.m */,
				8AF47F41233269F800F00E28 /* NSString+GitHubUpdates.h */,
				8AF47F42233269F800F00E28 /* NSString+GitHubUpdates.m */,
				8AF47F43233269F800F00E28 /* Pair.h */,
				8AF47F44233269F800F00E28 /* Pair.m */,
			);
			path = Source;
			sourceTree = "<group>";
		};
		8AF47F31233269F800F00E28 /* Interface */ = {
			isa = PBXGroup;
			children = (
				8AF47F32233269F800F00E28 /* GitHubInstallWindowController.xib */,
				8AF47F34233269F800F00E28 /* GitHubProgressWindowController.xib */,
				8AF47F36233269F800F00E28 /* Images */,
			);
			path = Interface;
			sourceTree = "<group>";
		};
		8AF47F36233269F800F00E28 /* Images */ = {
			isa = PBXGroup;
			children = (
				8AF47F37233269F800F00E28 /* GitHubTemplate.pdf */,
				8AF47F38233269F800F00E28 /* Install.pdf */,
			);
			path = Images;
			sourceTree = "<group>";
		};
		CEBAC5F7F8148695C76C2836 /* Frameworks */ = {
			isa = PBXGroup;
			children = (
				8A09A489214E513C008EC502 /* SwiftyJSON.framework */,
				8AA627A7214A5C3E003906BD /* Cocoa.framework */,
				8AA627A5214A5B75003906BD /* Kanna.framework */,
				8AA627A3214A5B72003906BD /* Regex.framework */,
				8AA627A1214A5B6F003906BD /* Alamofire.framework */,
				8AD04CFE213BC58800D59DB1 /* EventKit.framework */,
				8A96E4B62139789900B476E0 /* Alamofire.framework */,
				8A96E4B42139789300B476E0 /* Kanna.framework */,
				8A96E4B22139789000B476E0 /* Regex.framework */,
				8A96E4B02139788A00B476E0 /* Alamofire.framework */,
				6C93767FDE3DFC555E7904CA /* Pods_courseSync.framework */,
				FAF6AAB4208DB297833B7167 /* Pods_Sync_Utility.framework */,
				4BB5FA8F674795185F8E7B92 /* Pods_Electsys_Utility.framework */,
			);
			name = Frameworks;
			sourceTree = "<group>";
		};
/* End PBXGroup section */

/* Begin PBXNativeTarget section */
		8A4A22D921362EAF0064488C /* Electsys Utility */ = {
			isa = PBXNativeTarget;
			buildConfigurationList = 8A4A22ED21362EB00064488C /* Build configuration list for PBXNativeTarget "Electsys Utility" */;
			buildPhases = (
				FDDEAD7083F49DEBD1D10250 /* [CP] Check Pods Manifest.lock */,
				8A4A22D621362EAF0064488C /* Sources */,
				8A4A22D721362EAF0064488C /* Frameworks */,
				8A4A22D821362EAF0064488C /* Resources */,
				3D05A8F10FE14FA4004DA957 /* [CP] Embed Pods Frameworks */,
			);
			buildRules = (
			);
			dependencies = (
			);
			name = "Electsys Utility";
			productName = courseSync;
			productReference = 8A4A22DA21362EAF0064488C /* Electsys Utility.app */;
			productType = "com.apple.product-type.application";
		};
/* End PBXNativeTarget section */

/* Begin PBXProject section */
		8A4A22D221362EAF0064488C /* Project object */ = {
			isa = PBXProject;
			attributes = {
				LastSwiftUpdateCheck = 1000;
				LastUpgradeCheck = 1200;
				ORGANIZATIONNAME = yuxiqian;
				TargetAttributes = {
					8A4A22D921362EAF0064488C = {
						CreatedOnToolsVersion = 10.0;
						LastSwiftMigration = 1100;
						ProvisioningStyle = Manual;
						SystemCapabilities = {
							com.apple.Keychain = {
								enabled = 0;
							};
							com.apple.Sandbox = {
								enabled = 1;
							};
						};
					};
				};
			};
			buildConfigurationList = 8A4A22D521362EAF0064488C /* Build configuration list for PBXProject "Electsys Utility" */;
			compatibilityVersion = "Xcode 8.0";
			developmentRegion = en;
			hasScannedForEncodings = 0;
			knownRegions = (
				en,
				Base,
			);
			mainGroup = 8A4A22D121362EAF0064488C;
			productRefGroup = 8A4A22DB21362EAF0064488C /* Products */;
			projectDirPath = "";
			projectRoot = "";
			targets = (
				8A4A22D921362EAF0064488C /* Electsys Utility */,
			);
		};
/* End PBXProject section */

/* Begin PBXResourcesBuildPhase section */
		8A4A22D821362EAF0064488C /* Resources */ = {
			isa = PBXResourcesBuildPhase;
			buildActionMask = 2147483647;
			files = (
				8AEA9372234F526600952904 /* sidebar.05.courses.icon.png in Resources */,
				8AF47F4C233269F800F00E28 /* GitHubInstallWindowController.xib in Resources */,
				8AEA9374234F526600952904 /* sidebar.07.score.icon.png in Resources */,
				8AEA9370234F526600952904 /* sidebar.02.preferences.icon.png in Resources */,
				8AAD7F1C21D4D05C0019E9F8 /* Main.storyboard in Resources */,
				8A4A22E521362EB00064488C /* Assets.xcassets in Resources */,
				8AEA9377234F526600952904 /* sidebar.10.question.icon.png in Resources */,
				8AF47F4E233269F800F00E28 /* GitHubTemplate.pdf in Resources */,
				8AF47F4F233269F800F00E28 /* Install.pdf in Resources */,
				8A26F334233DA87100F4E321 /* ExportFormatSelector.xib in Resources */,
				8AEA9376234F526600952904 /* sidebar.09.library.icon.png in Resources */,
				8AEA9375234F526600952904 /* sidebar.08.import.icon.png in Resources */,
				8AEA9371234F526600952904 /* sidebar.03.acknowledgements.icon.png in Resources */,
				8AF47F4B233269F800F00E28 /* Info.plist in Resources */,
				8AEA9373234F526600952904 /* sidebar.06.exam.icon.png in Resources */,
				8AF47F4D233269F800F00E28 /* GitHubProgressWindowController.xib in Resources */,
				8AEA936F234F526600952904 /* sidebar.01.about.icon.png in Resources */,
			);
			runOnlyForDeploymentPostprocessing = 0;
		};
/* End PBXResourcesBuildPhase section */

/* Begin PBXShellScriptBuildPhase section */
		3D05A8F10FE14FA4004DA957 /* [CP] Embed Pods Frameworks */ = {
			isa = PBXShellScriptBuildPhase;
			buildActionMask = 2147483647;
			files = (
			);
			inputPaths = (
				"${PODS_ROOT}/Target Support Files/Pods-Electsys Utility/Pods-Electsys Utility-frameworks.sh",
				"${BUILT_PRODUCTS_DIR}/Alamofire/Alamofire.framework",
				"${BUILT_PRODUCTS_DIR}/Alamofire-SwiftyJSON/Alamofire_SwiftyJSON.framework",
				"${BUILT_PRODUCTS_DIR}/CSV.swift/CSV.framework",
				"${BUILT_PRODUCTS_DIR}/CrossroadRegex/Regex.framework",
				"${BUILT_PRODUCTS_DIR}/Kanna/Kanna.framework",
				"${BUILT_PRODUCTS_DIR}/Log/Log.framework",
				"${BUILT_PRODUCTS_DIR}/SwiftyJSON/SwiftyJSON.framework",
				"${BUILT_PRODUCTS_DIR}/Version/Version.framework",
			);
			name = "[CP] Embed Pods Frameworks";
			outputPaths = (
				"${TARGET_BUILD_DIR}/${FRAMEWORKS_FOLDER_PATH}/Alamofire.framework",
				"${TARGET_BUILD_DIR}/${FRAMEWORKS_FOLDER_PATH}/Alamofire_SwiftyJSON.framework",
				"${TARGET_BUILD_DIR}/${FRAMEWORKS_FOLDER_PATH}/CSV.framework",
				"${TARGET_BUILD_DIR}/${FRAMEWORKS_FOLDER_PATH}/Regex.framework",
				"${TARGET_BUILD_DIR}/${FRAMEWORKS_FOLDER_PATH}/Kanna.framework",
				"${TARGET_BUILD_DIR}/${FRAMEWORKS_FOLDER_PATH}/Log.framework",
				"${TARGET_BUILD_DIR}/${FRAMEWORKS_FOLDER_PATH}/SwiftyJSON.framework",
				"${TARGET_BUILD_DIR}/${FRAMEWORKS_FOLDER_PATH}/Version.framework",
			);
			runOnlyForDeploymentPostprocessing = 0;
			shellPath = /bin/sh;
			shellScript = "\"${PODS_ROOT}/Target Support Files/Pods-Electsys Utility/Pods-Electsys Utility-frameworks.sh\"\n";
			showEnvVarsInLog = 0;
		};
		FDDEAD7083F49DEBD1D10250 /* [CP] Check Pods Manifest.lock */ = {
			isa = PBXShellScriptBuildPhase;
			buildActionMask = 2147483647;
			files = (
			);
			inputPaths = (
				"${PODS_PODFILE_DIR_PATH}/Podfile.lock",
				"${PODS_ROOT}/Manifest.lock",
			);
			name = "[CP] Check Pods Manifest.lock";
			outputPaths = (
				"$(DERIVED_FILE_DIR)/Pods-Electsys Utility-checkManifestLockResult.txt",
			);
			runOnlyForDeploymentPostprocessing = 0;
			shellPath = /bin/sh;
			shellScript = "diff \"${PODS_PODFILE_DIR_PATH}/Podfile.lock\" \"${PODS_ROOT}/Manifest.lock\" > /dev/null\nif [ $? != 0 ] ; then\n    # print error to STDERR\n    echo \"error: The sandbox is not in sync with the Podfile.lock. Run 'pod install' or update your CocoaPods installation.\" >&2\n    exit 1\nfi\n# This output is used by Xcode 'outputs' to avoid re-running this script phase.\necho \"SUCCESS\" > \"${SCRIPT_OUTPUT_FILE_0}\"\n";
			showEnvVarsInLog = 0;
		};
/* End PBXShellScriptBuildPhase section */

/* Begin PBXSourcesBuildPhase section */
		8A4A22D621362EAF0064488C /* Sources */ = {
			isa = PBXSourcesBuildPhase;
			buildActionMask = 2147483647;
			files = (
				8A5029B02333109600C4C266 /* VersionComparer.swift in Sources */,
				8A26F333233DA87100F4E321 /* ExportFormatSelector+ExportFormatDecisionDelegate.swift in Sources */,
				8A27D735232E51E0005AF5CA /* ExamConst.swift in Sources */,
				8A397DD021410CFB00AE297A /* Exam.swift in Sources */,
				8ACB34662140143C002053D0 /* FullDataViewController.swift in Sources */,
				8A6E58A92138054D00FF38CF /* Course.swift in Sources */,
				8A397DC42140B69900AE297A /* [deprecated] Curricula.swift in Sources */,
				8A96D48A214026F4009E90CA /* CourseQuery.swift in Sources */,
				8A5102B723B07F620094658A /* ESLog.swift in Sources */,
				8AD7FA2E257F055B0066DA35 /* CaptchaHelper.swift in Sources */,
				8AD04F04257F25D900291A48 /* WebLoginDelegate.swift in Sources */,
				8A09A486214E0EC0008EC502 /* GalleryIcon.swift in Sources */,
				8A33CF11232F2C0900BD6826 /* FeedBackViewController.swift in Sources */,
				8A4A22E021362EAF0064488C /* jAccountViewController.swift in Sources */,
				8A09A488214E1787008EC502 /* [deprecated] JsonRequester.swift in Sources */,
				8A397DC72140B87400AE297A /* Teacher.swift in Sources */,
				8A397DCE2140D7F400AE297A /* ExamSyncHelper.swift in Sources */,
				8A27D75C232E7A92005AF5CA /* PreferencesViewController.swift in Sources */,
				8A33CF0B232F1F3B00BD6826 /* InspectorKits.swift in Sources */,
				8AA79CE721D70F1E007D272B /* MainViewController.swift in Sources */,
				8A0AE466232A016200CE9E3A /* LoginKits.swift in Sources */,
				8AD04CFD213BC40200D59DB1 /* DateUtils.swift in Sources */,
				8A3598FC232E1C9300FA0786 /* IdentityKits.swift in Sources */,
				8A044789218D40D800BAB188 /* AboutViewController.swift in Sources */,
				8AD04F08257F2D4500291A48 /* CookieParserViewController.swift in Sources */,
				8AF47F4A233269F800F00E28 /* GitHubVersion.m in Sources */,
				8A7F528B2137D65A00FBA008 /* SchoolTime.swift in Sources */,
				8A4A22DE21362EAF0064488C /* AppDelegate.swift in Sources */,
				8A33CF0F232F1F9C00BD6826 /* InspectedProperties.swift in Sources */,
				8A3598F9232E1B0C00FA0786 /* CourseConst.swift in Sources */,
				8A6E46AA233242DE00141C91 /* TableViewController.swift in Sources */,
				8AF47F47233269F800F00E28 /* GitHubRelease.m in Sources */,
				8AF47F49233269F800F00E28 /* GitHubUpdater.m in Sources */,
				8AB614A323976F7700AA8175 /* TouchBarIdentifier.swift in Sources */,
				8AA79CE621D70F1E007D272B /* MainTabViewController.swift in Sources */,
				8A27D733232E51D8005AF5CA /* ExamKits.swift in Sources */,
				8A17ADAF232BAF540077DDCF /* RMBlurredView.m in Sources */,
				8AD4A49E2138C8D800F7E5E8 /* LegacyHtmlParser.swift in Sources */,
				8A6E46A9233242DE00141C91 /* TableView.swift in Sources */,
				8A4A22F1213631EC0064488C /* CreditsViewController.swift in Sources */,
				8A359900232E1D9A00FA0786 /* PreferenceKits.swift in Sources */,
				8AF47F50233269F800F00E28 /* NSAttributedString+GitHubUpdates.m in Sources */,
				8AB95213232936D80034C304 /* TermSelectingViewController.swift in Sources */,
				8AF47F48233269F800F00E28 /* GitHubReleaseAsset.m in Sources */,
				8A27D75A232E61A3005AF5CA /* GPAKits.swift in Sources */,
				8AF47F51233269F800F00E28 /* NSBundle+GitHubUpdates.m in Sources */,
				8A397DC92140B9C600AE297A /* CourseAnalyse.swift in Sources */,
				8A3598F7232E1AC100FA0786 /* CourseKits.swift in Sources */,
				8A6E46A7233242DE00141C91 /* AdapterTableView.swift in Sources */,
				8A2F1DFB21BD0FFC00978643 /* FullDataWindowController.swift in Sources */,
				8A04055D213984050060F93A /* SchoolDay.swift in Sources */,
				8A397DCB2140D6E500AE297A /* ExamSyncViewController.swift in Sources */,
				8AF47F55233269F800F00E28 /* Pair.m in Sources */,
				8A747FF92137AB3800AB67BB /* HtmlGetViewController.swift in Sources */,
				8A359902232E25B000FA0786 /* NGCourse.swift in Sources */,
				8A44513121366418000156BD /* AppUtils.swift in Sources */,
				8AF47F52233269F800F00E28 /* NSError+GitHubUpdates.m in Sources */,
				8A424A3823309A8F00B7975B /* NGCurriculum.swift in Sources */,
				8A27D740232E5640005AF5CA /* ScoreQueryViewController.swift in Sources */,
				8A49F6AA21D4C47700010816 /* CurriculaHelper.swift in Sources */,
				8A27D737232E51E7005AF5CA /* NGExam.swift in Sources */,
				8A27D73E232E5394005AF5CA /* NGScore.swift in Sources */,
				8A0AE468232A017600CE9E3A /* LoginConst.swift in Sources */,
				8AD7FA32257F14280066DA35 /* WebLoginViewController.swift in Sources */,
				8A6E46A8233242DE00141C91 /* BaseView.swift in Sources */,
				8AF47F45233269F800F00E28 /* GitHubInstallWindowController.m in Sources */,
				8AF47F46233269F800F00E28 /* GitHubProgressWindowController.m in Sources */,
				8A4A22F52136443D0064488C /* LegacyLoginHelper.swift in Sources */,
				8A8EE6DA2330D5E0007DD732 /* ArrayBeautify.swift in Sources */,
				8A25DD6A2182D6EC002AD7C9 /* MenuWithSeparator.swift in Sources */,
				8ACEEB06213CB04200A7776E /* RandomNames.swift in Sources */,
				8A27D73A232E5388005AF5CA /* ScoreKits.swift in Sources */,
				8AF47F54233269F800F00E28 /* NSString+GitHubUpdates.m in Sources */,
				8AD4A49C2138B2A900F7E5E8 /* ResolveViewController.swift in Sources */,
				8A424A3A23309ADC00B7975B /* GalleryKits.swift in Sources */,
				8AAB6F582172FA4C00D0FF61 /* TransparentTitleWindowController.swift in Sources */,
				8AF47F53233269F800F00E28 /* NSMutableAttributedString+GitHubUpdates.m in Sources */,
				8A27D73C232E538E005AF5CA /* ScoreConst.swift in Sources */,
			);
			runOnlyForDeploymentPostprocessing = 0;
		};
/* End PBXSourcesBuildPhase section */

/* Begin PBXVariantGroup section */
		8AF47F32233269F800F00E28 /* GitHubInstallWindowController.xib */ = {
			isa = PBXVariantGroup;
			children = (
				8AF47F33233269F800F00E28 /* Base */,
			);
			name = GitHubInstallWindowController.xib;
			sourceTree = "<group>";
		};
		8AF47F34233269F800F00E28 /* GitHubProgressWindowController.xib */ = {
			isa = PBXVariantGroup;
			children = (
				8AF47F35233269F800F00E28 /* Base */,
			);
			name = GitHubProgressWindowController.xib;
			sourceTree = "<group>";
		};
/* End PBXVariantGroup section */

/* Begin XCBuildConfiguration section */
		8A4A22EB21362EB00064488C /* Debug */ = {
			isa = XCBuildConfiguration;
			buildSettings = {
				ALWAYS_EMBED_SWIFT_STANDARD_LIBRARIES = YES;
				ALWAYS_SEARCH_USER_PATHS = NO;
				CLANG_ANALYZER_NONNULL = YES;
				CLANG_ANALYZER_NUMBER_OBJECT_CONVERSION = YES_AGGRESSIVE;
				CLANG_CXX_LANGUAGE_STANDARD = "gnu++14";
				CLANG_CXX_LIBRARY = "libc++";
				CLANG_ENABLE_MODULES = YES;
				CLANG_ENABLE_OBJC_ARC = YES;
				CLANG_ENABLE_OBJC_WEAK = YES;
				CLANG_WARN_BLOCK_CAPTURE_AUTORELEASING = YES;
				CLANG_WARN_BOOL_CONVERSION = YES;
				CLANG_WARN_COMMA = YES;
				CLANG_WARN_CONSTANT_CONVERSION = YES;
				CLANG_WARN_DEPRECATED_OBJC_IMPLEMENTATIONS = YES;
				CLANG_WARN_DIRECT_OBJC_ISA_USAGE = YES_ERROR;
				CLANG_WARN_DOCUMENTATION_COMMENTS = YES;
				CLANG_WARN_EMPTY_BODY = YES;
				CLANG_WARN_ENUM_CONVERSION = YES;
				CLANG_WARN_INFINITE_RECURSION = YES;
				CLANG_WARN_INT_CONVERSION = YES;
				CLANG_WARN_NON_LITERAL_NULL_CONVERSION = YES;
				CLANG_WARN_OBJC_IMPLICIT_RETAIN_SELF = YES;
				CLANG_WARN_OBJC_LITERAL_CONVERSION = YES;
				CLANG_WARN_OBJC_ROOT_CLASS = YES_ERROR;
				CLANG_WARN_QUOTED_INCLUDE_IN_FRAMEWORK_HEADER = YES;
				CLANG_WARN_RANGE_LOOP_ANALYSIS = YES;
				CLANG_WARN_STRICT_PROTOTYPES = YES;
				CLANG_WARN_SUSPICIOUS_MOVE = YES;
				CLANG_WARN_UNGUARDED_AVAILABILITY = YES_AGGRESSIVE;
				CLANG_WARN_UNREACHABLE_CODE = YES;
				CLANG_WARN__DUPLICATE_METHOD_MATCH = YES;
				CODE_SIGN_IDENTITY = "-";
				COPY_PHASE_STRIP = NO;
				DEBUG_INFORMATION_FORMAT = dwarf;
				ENABLE_STRICT_OBJC_MSGSEND = YES;
				ENABLE_TESTABILITY = YES;
				GCC_C_LANGUAGE_STANDARD = gnu11;
				GCC_DYNAMIC_NO_PIC = NO;
				GCC_NO_COMMON_BLOCKS = YES;
				GCC_OPTIMIZATION_LEVEL = 0;
				GCC_PREPROCESSOR_DEFINITIONS = (
					"DEBUG=1",
					"$(inherited)",
				);
				GCC_WARN_64_TO_32_BIT_CONVERSION = YES;
				GCC_WARN_ABOUT_RETURN_TYPE = YES_ERROR;
				GCC_WARN_UNDECLARED_SELECTOR = YES;
				GCC_WARN_UNINITIALIZED_AUTOS = YES_AGGRESSIVE;
				GCC_WARN_UNUSED_FUNCTION = YES;
				GCC_WARN_UNUSED_VARIABLE = YES;
				MACOSX_DEPLOYMENT_TARGET = 10.14;
				MTL_ENABLE_DEBUG_INFO = INCLUDE_SOURCE;
				MTL_FAST_MATH = YES;
				ONLY_ACTIVE_ARCH = YES;
				SDKROOT = macosx;
				SWIFT_ACTIVE_COMPILATION_CONDITIONS = DEBUG;
				SWIFT_OPTIMIZATION_LEVEL = "-Onone";
			};
			name = Debug;
		};
		8A4A22EC21362EB00064488C /* Release */ = {
			isa = XCBuildConfiguration;
			buildSettings = {
				ALWAYS_EMBED_SWIFT_STANDARD_LIBRARIES = YES;
				ALWAYS_SEARCH_USER_PATHS = NO;
				CLANG_ANALYZER_NONNULL = YES;
				CLANG_ANALYZER_NUMBER_OBJECT_CONVERSION = YES_AGGRESSIVE;
				CLANG_CXX_LANGUAGE_STANDARD = "gnu++14";
				CLANG_CXX_LIBRARY = "libc++";
				CLANG_ENABLE_MODULES = YES;
				CLANG_ENABLE_OBJC_ARC = YES;
				CLANG_ENABLE_OBJC_WEAK = YES;
				CLANG_WARN_BLOCK_CAPTURE_AUTORELEASING = YES;
				CLANG_WARN_BOOL_CONVERSION = YES;
				CLANG_WARN_COMMA = YES;
				CLANG_WARN_CONSTANT_CONVERSION = YES;
				CLANG_WARN_DEPRECATED_OBJC_IMPLEMENTATIONS = YES;
				CLANG_WARN_DIRECT_OBJC_ISA_USAGE = YES_ERROR;
				CLANG_WARN_DOCUMENTATION_COMMENTS = YES;
				CLANG_WARN_EMPTY_BODY = YES;
				CLANG_WARN_ENUM_CONVERSION = YES;
				CLANG_WARN_INFINITE_RECURSION = YES;
				CLANG_WARN_INT_CONVERSION = YES;
				CLANG_WARN_NON_LITERAL_NULL_CONVERSION = YES;
				CLANG_WARN_OBJC_IMPLICIT_RETAIN_SELF = YES;
				CLANG_WARN_OBJC_LITERAL_CONVERSION = YES;
				CLANG_WARN_OBJC_ROOT_CLASS = YES_ERROR;
				CLANG_WARN_QUOTED_INCLUDE_IN_FRAMEWORK_HEADER = YES;
				CLANG_WARN_RANGE_LOOP_ANALYSIS = YES;
				CLANG_WARN_STRICT_PROTOTYPES = YES;
				CLANG_WARN_SUSPICIOUS_MOVE = YES;
				CLANG_WARN_UNGUARDED_AVAILABILITY = YES_AGGRESSIVE;
				CLANG_WARN_UNREACHABLE_CODE = YES;
				CLANG_WARN__DUPLICATE_METHOD_MATCH = YES;
				CODE_SIGN_IDENTITY = "-";
				COPY_PHASE_STRIP = NO;
				DEBUG_INFORMATION_FORMAT = "dwarf-with-dsym";
				ENABLE_NS_ASSERTIONS = NO;
				ENABLE_STRICT_OBJC_MSGSEND = YES;
				GCC_C_LANGUAGE_STANDARD = gnu11;
				GCC_NO_COMMON_BLOCKS = YES;
				GCC_WARN_64_TO_32_BIT_CONVERSION = YES;
				GCC_WARN_ABOUT_RETURN_TYPE = YES_ERROR;
				GCC_WARN_UNDECLARED_SELECTOR = YES;
				GCC_WARN_UNINITIALIZED_AUTOS = YES_AGGRESSIVE;
				GCC_WARN_UNUSED_FUNCTION = YES;
				GCC_WARN_UNUSED_VARIABLE = YES;
				MACOSX_DEPLOYMENT_TARGET = 10.14;
				MTL_ENABLE_DEBUG_INFO = NO;
				MTL_FAST_MATH = YES;
				SDKROOT = macosx;
				SWIFT_OPTIMIZATION_LEVEL = "-Owholemodule";
			};
			name = Release;
		};
		8A4A22EE21362EB00064488C /* Debug */ = {
			isa = XCBuildConfiguration;
			baseConfigurationReference = 9DC9CE2F64C043C009C22FAA /* Pods-Electsys Utility.debug.xcconfig */;
			buildSettings = {
				ASSETCATALOG_COMPILER_APPICON_NAME = AppIcon;
				CLANG_ENABLE_MODULES = YES;
				CODE_SIGN_ENTITLEMENTS = "";
				CODE_SIGN_IDENTITY = "";
				CODE_SIGN_STYLE = Manual;
				COMBINE_HIDPI_IMAGES = YES;
				CURRENT_PROJECT_VERSION = 97;
				DEBUG_INFORMATION_FORMAT = "dwarf-with-dsym";
				DEVELOPMENT_TEAM = "";
				INFOPLIST_FILE = "Electsys Utility/Info.plist";
				LD_RUNPATH_SEARCH_PATHS = "$(inherited) @executable_path/../Frameworks ${DT_TOOLCHAIN_DIR}/usr/lib/swift/macosx/";
				MACOSX_DEPLOYMENT_TARGET = 10.13;
				MARKETING_VERSION = v0.9.8;
				PRODUCT_BUNDLE_IDENTIFIER = io.github.yuetsin.electsys.utility;
				PRODUCT_NAME = "$(TARGET_NAME)";
				PROVISIONING_PROFILE_SPECIFIER = "";
				SDKROOT = macosx;
				SWIFT_OBJC_BRIDGING_HEADER = "Electsys Utility-Bridging-Header.h";
				SWIFT_OPTIMIZATION_LEVEL = "-Onone";
				SWIFT_VERSION = 5.0;
			};
			name = Debug;
		};
		8A4A22EF21362EB00064488C /* Release */ = {
			isa = XCBuildConfiguration;
			baseConfigurationReference = 98F9E28D0C6712645ED2C4D2 /* Pods-Electsys Utility.release.xcconfig */;
			buildSettings = {
				ASSETCATALOG_COMPILER_APPICON_NAME = AppIcon;
				CLANG_ENABLE_MODULES = YES;
				CODE_SIGN_ENTITLEMENTS = "";
				CODE_SIGN_IDENTITY = "";
				CODE_SIGN_STYLE = Manual;
				COMBINE_HIDPI_IMAGES = YES;
				CURRENT_PROJECT_VERSION = 97;
				DEVELOPMENT_TEAM = "";
				INFOPLIST_FILE = "Electsys Utility/Info.plist";
				LD_RUNPATH_SEARCH_PATHS = "$(inherited) @executable_path/../Frameworks ${DT_TOOLCHAIN_DIR}/usr/lib/swift/macosx/";
				MACOSX_DEPLOYMENT_TARGET = 10.13;
				MARKETING_VERSION = v0.9.8;
				PRODUCT_BUNDLE_IDENTIFIER = io.github.yuetsin.electsys.utility;
				PRODUCT_NAME = "$(TARGET_NAME)";
				PROVISIONING_PROFILE_SPECIFIER = "";
				SDKROOT = macosx;
				SWIFT_OBJC_BRIDGING_HEADER = "Electsys Utility-Bridging-Header.h";
				SWIFT_VERSION = 5.0;
			};
			name = Release;
		};
/* End XCBuildConfiguration section */

/* Begin XCConfigurationList section */
		8A4A22D521362EAF0064488C /* Build configuration list for PBXProject "Electsys Utility" */ = {
			isa = XCConfigurationList;
			buildConfigurations = (
				8A4A22EB21362EB00064488C /* Debug */,
				8A4A22EC21362EB00064488C /* Release */,
			);
			defaultConfigurationIsVisible = 0;
			defaultConfigurationName = Release;
		};
		8A4A22ED21362EB00064488C /* Build configuration list for PBXNativeTarget "Electsys Utility" */ = {
			isa = XCConfigurationList;
			buildConfigurations = (
				8A4A22EE21362EB00064488C /* Debug */,
				8A4A22EF21362EB00064488C /* Release */,
			);
			defaultConfigurationIsVisible = 0;
			defaultConfigurationName = Release;
		};
/* End XCConfigurationList section */
	};
	rootObject = 8A4A22D221362EAF0064488C /* Project object */;
}
