// !$*UTF8*$!
{
	archiveVersion = 1;
	classes = {
	};
	objectVersion = 48;
	objects = {

/* Begin PBXBuildFile section */
		8A04055D213984050060F93A /* SchoolDay.swift in Sources */ = {isa = PBXBuildFile; fileRef = 8A04055C213984050060F93A /* SchoolDay.swift */; };
		8A044789218D40D800BAB188 /* AboutViewController.swift in Sources */ = {isa = PBXBuildFile; fileRef = 8A044788218D40D800BAB188 /* AboutViewController.swift */; };
		8A09A486214E0EC0008EC502 /* GalleryIcon.swift in Sources */ = {isa = PBXBuildFile; fileRef = 8A09A485214E0EC0008EC502 /* GalleryIcon.swift */; };
		8A09A488214E1787008EC502 /* JsonRequester.swift in Sources */ = {isa = PBXBuildFile; fileRef = 8A09A487214E1787008EC502 /* JsonRequester.swift */; };
		8A09A48A214E513C008EC502 /* SwiftyJSON.framework in Frameworks */ = {isa = PBXBuildFile; fileRef = 8A09A489214E513C008EC502 /* SwiftyJSON.framework */; };
		8A25DD6A2182D6EC002AD7C9 /* MenuWithSeparator.swift in Sources */ = {isa = PBXBuildFile; fileRef = 8A25DD692182D6EC002AD7C9 /* MenuWithSeparator.swift */; };
		8A2F1DFB21BD0FFC00978643 /* FullDataWindowController.swift in Sources */ = {isa = PBXBuildFile; fileRef = 8A2F1DFA21BD0FFC00978643 /* FullDataWindowController.swift */; };
		8A397DC42140B69900AE297A /* Curricula.swift in Sources */ = {isa = PBXBuildFile; fileRef = 8A397DC32140B69900AE297A /* Curricula.swift */; };
		8A397DC72140B87400AE297A /* Teacher.swift in Sources */ = {isa = PBXBuildFile; fileRef = 8A397DC62140B87400AE297A /* Teacher.swift */; };
		8A397DC92140B9C600AE297A /* CourseAnalyse.swift in Sources */ = {isa = PBXBuildFile; fileRef = 8A397DC82140B9C600AE297A /* CourseAnalyse.swift */; };
		8A397DCB2140D6E500AE297A /* ExamSyncViewController.swift in Sources */ = {isa = PBXBuildFile; fileRef = 8A397DCA2140D6E500AE297A /* ExamSyncViewController.swift */; };
		8A397DCE2140D7F400AE297A /* ExamSyncHelper.swift in Sources */ = {isa = PBXBuildFile; fileRef = 8A397DCD2140D7F400AE297A /* ExamSyncHelper.swift */; };
		8A397DD021410CFB00AE297A /* Exam.swift in Sources */ = {isa = PBXBuildFile; fileRef = 8A397DCF21410CFB00AE297A /* Exam.swift */; };
		8A44513121366418000156BD /* AppUtils.swift in Sources */ = {isa = PBXBuildFile; fileRef = 8A44513021366418000156BD /* AppUtils.swift */; };
		8A4A22DE21362EAF0064488C /* AppDelegate.swift in Sources */ = {isa = PBXBuildFile; fileRef = 8A4A22DD21362EAF0064488C /* AppDelegate.swift */; };
		8A4A22E021362EAF0064488C /* jAccountViewController.swift in Sources */ = {isa = PBXBuildFile; fileRef = 8A4A22DF21362EAF0064488C /* jAccountViewController.swift */; };
		8A4A22E321362EAF0064488C /* courseSync.xcdatamodeld in Sources */ = {isa = PBXBuildFile; fileRef = 8A4A22E121362EAF0064488C /* courseSync.xcdatamodeld */; };
		8A4A22E521362EB00064488C /* Assets.xcassets in Resources */ = {isa = PBXBuildFile; fileRef = 8A4A22E421362EB00064488C /* Assets.xcassets */; };
		8A4A22F1213631EC0064488C /* CreditsViewController.swift in Sources */ = {isa = PBXBuildFile; fileRef = 8A4A22F0213631EC0064488C /* CreditsViewController.swift */; };
		8A4A22F52136443D0064488C /* LoginHelper.swift in Sources */ = {isa = PBXBuildFile; fileRef = 8A4A22F42136443D0064488C /* LoginHelper.swift */; };
		8A6E58A92138054D00FF38CF /* Course.swift in Sources */ = {isa = PBXBuildFile; fileRef = 8A6E58A82138054D00FF38CF /* Course.swift */; };
		8A747FF92137AB3800AB67BB /* HtmlGetViewController.swift in Sources */ = {isa = PBXBuildFile; fileRef = 8A747FF82137AB3800AB67BB /* HtmlGetViewController.swift */; };
		8A7F528B2137D65A00FBA008 /* SchoolTime.swift in Sources */ = {isa = PBXBuildFile; fileRef = 8A7F528A2137D65A00FBA008 /* SchoolTime.swift */; };
		8A96D48A214026F4009E90CA /* CourseQuery.swift in Sources */ = {isa = PBXBuildFile; fileRef = 8A96D489214026F4009E90CA /* CourseQuery.swift */; };
		8AA6279C214A5A1D003906BD /* Main.storyboard in Resources */ = {isa = PBXBuildFile; fileRef = 8AA6279A214A5A1D003906BD /* Main.storyboard */; };
		8AA6279F214A5B68003906BD /* Pods_Electsys_Utility.framework in Frameworks */ = {isa = PBXBuildFile; fileRef = 4BB5FA8F674795185F8E7B92 /* Pods_Electsys_Utility.framework */; };
		8AA627A0214A5B6F003906BD /* Alamofire.framework in Frameworks */ = {isa = PBXBuildFile; fileRef = 8AA627A1214A5B6F003906BD /* Alamofire.framework */; };
		8AA627A2214A5B72003906BD /* Regex.framework in Frameworks */ = {isa = PBXBuildFile; fileRef = 8AA627A3214A5B72003906BD /* Regex.framework */; };
		8AA627A4214A5B75003906BD /* Kanna.framework in Frameworks */ = {isa = PBXBuildFile; fileRef = 8AA627A5214A5B75003906BD /* Kanna.framework */; };
		8AA627A8214A5C3E003906BD /* Cocoa.framework in Frameworks */ = {isa = PBXBuildFile; fileRef = 8AA627A7214A5C3E003906BD /* Cocoa.framework */; };
		8AAB6F582172FA4C00D0FF61 /* TransparentTitleWindowController.swift in Sources */ = {isa = PBXBuildFile; fileRef = 8AAB6F572172FA4C00D0FF61 /* TransparentTitleWindowController.swift */; };
		8AB589C9214B7F300088B190 /* EventKit.framework in Frameworks */ = {isa = PBXBuildFile; fileRef = 8AD04CFE213BC58800D59DB1 /* EventKit.framework */; };
		8ACB34662140143C002053D0 /* FullDataViewController.swift in Sources */ = {isa = PBXBuildFile; fileRef = 8ACB34652140143C002053D0 /* FullDataViewController.swift */; };
		8ACEEB06213CB04200A7776E /* RandomNames.swift in Sources */ = {isa = PBXBuildFile; fileRef = 8ACEEB05213CB04200A7776E /* RandomNames.swift */; };
		8AD04CFD213BC40200D59DB1 /* DateUtils.swift in Sources */ = {isa = PBXBuildFile; fileRef = 8AD04CFC213BC40200D59DB1 /* DateUtils.swift */; };
		8AD4A49C2138B2A900F7E5E8 /* ResolveViewController.swift in Sources */ = {isa = PBXBuildFile; fileRef = 8AD4A49B2138B2A900F7E5E8 /* ResolveViewController.swift */; };
		8AD4A49E2138C8D800F7E5E8 /* HtmlParser.swift in Sources */ = {isa = PBXBuildFile; fileRef = 8AD4A49D2138C8D800F7E5E8 /* HtmlParser.swift */; };
/* End PBXBuildFile section */

/* Begin PBXFileReference section */
		2DE148D3735F9F40099E038A /* Pods-courseSync.release.xcconfig */ = {isa = PBXFileReference; includeInIndex = 1; lastKnownFileType = text.xcconfig; name = "Pods-courseSync.release.xcconfig"; path = "Pods/Target Support Files/Pods-courseSync/Pods-courseSync.release.xcconfig"; sourceTree = "<group>"; };
		4BB5FA8F674795185F8E7B92 /* Pods_Electsys_Utility.framework */ = {isa = PBXFileReference; explicitFileType = wrapper.framework; includeInIndex = 0; path = Pods_Electsys_Utility.framework; sourceTree = BUILT_PRODUCTS_DIR; };
		6C93767FDE3DFC555E7904CA /* Pods_courseSync.framework */ = {isa = PBXFileReference; explicitFileType = wrapper.framework; includeInIndex = 0; path = Pods_courseSync.framework; sourceTree = BUILT_PRODUCTS_DIR; };
		8A04055C213984050060F93A /* SchoolDay.swift */ = {isa = PBXFileReference; lastKnownFileType = sourcecode.swift; path = SchoolDay.swift; sourceTree = "<group>"; };
		8A044788218D40D800BAB188 /* AboutViewController.swift */ = {isa = PBXFileReference; fileEncoding = 4; lastKnownFileType = sourcecode.swift; path = AboutViewController.swift; sourceTree = "<group>"; };
		8A09A485214E0EC0008EC502 /* GalleryIcon.swift */ = {isa = PBXFileReference; lastKnownFileType = sourcecode.swift; path = GalleryIcon.swift; sourceTree = "<group>"; };
		8A09A487214E1787008EC502 /* JsonRequester.swift */ = {isa = PBXFileReference; lastKnownFileType = sourcecode.swift; path = JsonRequester.swift; sourceTree = "<group>"; };
		8A09A489214E513C008EC502 /* SwiftyJSON.framework */ = {isa = PBXFileReference; explicitFileType = wrapper.framework; path = SwiftyJSON.framework; sourceTree = BUILT_PRODUCTS_DIR; };
		8A25DD692182D6EC002AD7C9 /* MenuWithSeparator.swift */ = {isa = PBXFileReference; lastKnownFileType = sourcecode.swift; path = MenuWithSeparator.swift; sourceTree = "<group>"; };
		8A2F1DFA21BD0FFC00978643 /* FullDataWindowController.swift */ = {isa = PBXFileReference; lastKnownFileType = sourcecode.swift; path = FullDataWindowController.swift; sourceTree = "<group>"; };
		8A397DC32140B69900AE297A /* Curricula.swift */ = {isa = PBXFileReference; lastKnownFileType = sourcecode.swift; path = Curricula.swift; sourceTree = "<group>"; };
		8A397DC62140B87400AE297A /* Teacher.swift */ = {isa = PBXFileReference; lastKnownFileType = sourcecode.swift; path = Teacher.swift; sourceTree = "<group>"; };
		8A397DC82140B9C600AE297A /* CourseAnalyse.swift */ = {isa = PBXFileReference; lastKnownFileType = sourcecode.swift; path = CourseAnalyse.swift; sourceTree = "<group>"; };
		8A397DCA2140D6E500AE297A /* ExamSyncViewController.swift */ = {isa = PBXFileReference; lastKnownFileType = sourcecode.swift; path = ExamSyncViewController.swift; sourceTree = "<group>"; };
		8A397DCD2140D7F400AE297A /* ExamSyncHelper.swift */ = {isa = PBXFileReference; lastKnownFileType = sourcecode.swift; path = ExamSyncHelper.swift; sourceTree = "<group>"; };
		8A397DCF21410CFB00AE297A /* Exam.swift */ = {isa = PBXFileReference; lastKnownFileType = sourcecode.swift; path = Exam.swift; sourceTree = "<group>"; };
		8A44513021366418000156BD /* AppUtils.swift */ = {isa = PBXFileReference; lastKnownFileType = sourcecode.swift; path = AppUtils.swift; sourceTree = "<group>"; };
		8A4A22DA21362EAF0064488C /* Electsys Utility.app */ = {isa = PBXFileReference; explicitFileType = wrapper.application; includeInIndex = 0; path = "Electsys Utility.app"; sourceTree = BUILT_PRODUCTS_DIR; };
		8A4A22DD21362EAF0064488C /* AppDelegate.swift */ = {isa = PBXFileReference; lastKnownFileType = sourcecode.swift; path = AppDelegate.swift; sourceTree = "<group>"; };
		8A4A22DF21362EAF0064488C /* jAccountViewController.swift */ = {isa = PBXFileReference; lastKnownFileType = sourcecode.swift; path = jAccountViewController.swift; sourceTree = "<group>"; };
		8A4A22E221362EAF0064488C /* courseSync.xcdatamodel */ = {isa = PBXFileReference; lastKnownFileType = wrapper.xcdatamodel; path = courseSync.xcdatamodel; sourceTree = "<group>"; };
		8A4A22E421362EB00064488C /* Assets.xcassets */ = {isa = PBXFileReference; lastKnownFileType = folder.assetcatalog; path = Assets.xcassets; sourceTree = "<group>"; };
		8A4A22E921362EB00064488C /* Info.plist */ = {isa = PBXFileReference; lastKnownFileType = text.plist.xml; path = Info.plist; sourceTree = "<group>"; };
		8A4A22EA21362EB00064488C /* courseSync.entitlements */ = {isa = PBXFileReference; lastKnownFileType = text.plist.entitlements; path = courseSync.entitlements; sourceTree = "<group>"; };
		8A4A22F0213631EC0064488C /* CreditsViewController.swift */ = {isa = PBXFileReference; fileEncoding = 4; lastKnownFileType = sourcecode.swift; path = CreditsViewController.swift; sourceTree = "<group>"; };
		8A4A22F42136443D0064488C /* LoginHelper.swift */ = {isa = PBXFileReference; lastKnownFileType = sourcecode.swift; path = LoginHelper.swift; sourceTree = "<group>"; };
		8A6E58A82138054D00FF38CF /* Course.swift */ = {isa = PBXFileReference; lastKnownFileType = sourcecode.swift; path = Course.swift; sourceTree = "<group>"; };
		8A747FF82137AB3800AB67BB /* HtmlGetViewController.swift */ = {isa = PBXFileReference; lastKnownFileType = sourcecode.swift; path = HtmlGetViewController.swift; sourceTree = "<group>"; };
		8A7F528A2137D65A00FBA008 /* SchoolTime.swift */ = {isa = PBXFileReference; lastKnownFileType = sourcecode.swift; path = SchoolTime.swift; sourceTree = "<group>"; };
		8A96D489214026F4009E90CA /* CourseQuery.swift */ = {isa = PBXFileReference; lastKnownFileType = sourcecode.swift; path = CourseQuery.swift; sourceTree = "<group>"; };
		8A96E4B02139788A00B476E0 /* Alamofire.framework */ = {isa = PBXFileReference; explicitFileType = wrapper.framework; path = Alamofire.framework; sourceTree = BUILT_PRODUCTS_DIR; };
		8A96E4B22139789000B476E0 /* Regex.framework */ = {isa = PBXFileReference; explicitFileType = wrapper.framework; path = Regex.framework; sourceTree = BUILT_PRODUCTS_DIR; };
		8A96E4B42139789300B476E0 /* Kanna.framework */ = {isa = PBXFileReference; explicitFileType = wrapper.framework; path = Kanna.framework; sourceTree = BUILT_PRODUCTS_DIR; };
		8A96E4B62139789900B476E0 /* Alamofire.framework */ = {isa = PBXFileReference; explicitFileType = wrapper.framework; path = Alamofire.framework; sourceTree = BUILT_PRODUCTS_DIR; };
		8AA6279B214A5A1D003906BD /* Base */ = {isa = PBXFileReference; lastKnownFileType = file.storyboard; name = Base; path = Base.lproj/Main.storyboard; sourceTree = "<group>"; };
		8AA627A1214A5B6F003906BD /* Alamofire.framework */ = {isa = PBXFileReference; explicitFileType = wrapper.framework; path = Alamofire.framework; sourceTree = BUILT_PRODUCTS_DIR; };
		8AA627A3214A5B72003906BD /* Regex.framework */ = {isa = PBXFileReference; explicitFileType = wrapper.framework; path = Regex.framework; sourceTree = BUILT_PRODUCTS_DIR; };
		8AA627A5214A5B75003906BD /* Kanna.framework */ = {isa = PBXFileReference; explicitFileType = wrapper.framework; path = Kanna.framework; sourceTree = BUILT_PRODUCTS_DIR; };
		8AA627A7214A5C3E003906BD /* Cocoa.framework */ = {isa = PBXFileReference; lastKnownFileType = wrapper.framework; name = Cocoa.framework; path = System/Library/Frameworks/Cocoa.framework; sourceTree = SDKROOT; };
		8AAB6F572172FA4C00D0FF61 /* TransparentTitleWindowController.swift */ = {isa = PBXFileReference; lastKnownFileType = sourcecode.swift; path = TransparentTitleWindowController.swift; sourceTree = "<group>"; };
		8ACB34652140143C002053D0 /* FullDataViewController.swift */ = {isa = PBXFileReference; lastKnownFileType = sourcecode.swift; path = FullDataViewController.swift; sourceTree = "<group>"; };
		8ACEEB05213CB04200A7776E /* RandomNames.swift */ = {isa = PBXFileReference; lastKnownFileType = sourcecode.swift; path = RandomNames.swift; sourceTree = "<group>"; };
		8AD04CFC213BC40200D59DB1 /* DateUtils.swift */ = {isa = PBXFileReference; lastKnownFileType = sourcecode.swift; path = DateUtils.swift; sourceTree = "<group>"; };
		8AD04CFE213BC58800D59DB1 /* EventKit.framework */ = {isa = PBXFileReference; lastKnownFileType = wrapper.framework; name = EventKit.framework; path = System/Library/Frameworks/EventKit.framework; sourceTree = SDKROOT; };
		8AD4A49B2138B2A900F7E5E8 /* ResolveViewController.swift */ = {isa = PBXFileReference; lastKnownFileType = sourcecode.swift; path = ResolveViewController.swift; sourceTree = "<group>"; };
		8AD4A49D2138C8D800F7E5E8 /* HtmlParser.swift */ = {isa = PBXFileReference; lastKnownFileType = sourcecode.swift; path = HtmlParser.swift; sourceTree = "<group>"; };
		98F9E28D0C6712645ED2C4D2 /* Pods-Electsys Utility.release.xcconfig */ = {isa = PBXFileReference; includeInIndex = 1; lastKnownFileType = text.xcconfig; name = "Pods-Electsys Utility.release.xcconfig"; path = "Pods/Target Support Files/Pods-Electsys Utility/Pods-Electsys Utility.release.xcconfig"; sourceTree = "<group>"; };
		9DC9CE2F64C043C009C22FAA /* Pods-Electsys Utility.debug.xcconfig */ = {isa = PBXFileReference; includeInIndex = 1; lastKnownFileType = text.xcconfig; name = "Pods-Electsys Utility.debug.xcconfig"; path = "Pods/Target Support Files/Pods-Electsys Utility/Pods-Electsys Utility.debug.xcconfig"; sourceTree = "<group>"; };
		B219B33155D0D7A3C6BDC304 /* Pods-Sync Utility.debug.xcconfig */ = {isa = PBXFileReference; includeInIndex = 1; lastKnownFileType = text.xcconfig; name = "Pods-Sync Utility.debug.xcconfig"; path = "Pods/Target Support Files/Pods-Sync Utility/Pods-Sync Utility.debug.xcconfig"; sourceTree = "<group>"; };
		D3EE30836E5688BDC202DEE0 /* Pods-Sync Utility.release.xcconfig */ = {isa = PBXFileReference; includeInIndex = 1; lastKnownFileType = text.xcconfig; name = "Pods-Sync Utility.release.xcconfig"; path = "Pods/Target Support Files/Pods-Sync Utility/Pods-Sync Utility.release.xcconfig"; sourceTree = "<group>"; };
		EE26F8B0524475210410BF0F /* Pods-courseSync.debug.xcconfig */ = {isa = PBXFileReference; includeInIndex = 1; lastKnownFileType = text.xcconfig; name = "Pods-courseSync.debug.xcconfig"; path = "Pods/Target Support Files/Pods-courseSync/Pods-courseSync.debug.xcconfig"; sourceTree = "<group>"; };
		FAF6AAB4208DB297833B7167 /* Pods_Sync_Utility.framework */ = {isa = PBXFileReference; explicitFileType = wrapper.framework; includeInIndex = 0; path = Pods_Sync_Utility.framework; sourceTree = BUILT_PRODUCTS_DIR; };
/* End PBXFileReference section */

/* Begin PBXFrameworksBuildPhase section */
		8A4A22D721362EAF0064488C /* Frameworks */ = {
			isa = PBXFrameworksBuildPhase;
			buildActionMask = 2147483647;
			files = (
				8A09A48A214E513C008EC502 /* SwiftyJSON.framework in Frameworks */,
				8AB589C9214B7F300088B190 /* EventKit.framework in Frameworks */,
				8AA627A8214A5C3E003906BD /* Cocoa.framework in Frameworks */,
				8AA627A4214A5B75003906BD /* Kanna.framework in Frameworks */,
				8AA627A2214A5B72003906BD /* Regex.framework in Frameworks */,
				8AA627A0214A5B6F003906BD /* Alamofire.framework in Frameworks */,
				8AA6279F214A5B68003906BD /* Pods_Electsys_Utility.framework in Frameworks */,
			);
			runOnlyForDeploymentPostprocessing = 0;
		};
/* End PBXFrameworksBuildPhase section */

/* Begin PBXGroup section */
		7F6671998AA5242BF06E5E28 /* Pods */ = {
			isa = PBXGroup;
			children = (
				EE26F8B0524475210410BF0F /* Pods-courseSync.debug.xcconfig */,
				2DE148D3735F9F40099E038A /* Pods-courseSync.release.xcconfig */,
				B219B33155D0D7A3C6BDC304 /* Pods-Sync Utility.debug.xcconfig */,
				D3EE30836E5688BDC202DEE0 /* Pods-Sync Utility.release.xcconfig */,
				9DC9CE2F64C043C009C22FAA /* Pods-Electsys Utility.debug.xcconfig */,
				98F9E28D0C6712645ED2C4D2 /* Pods-Electsys Utility.release.xcconfig */,
			);
			name = Pods;
			sourceTree = "<group>";
		};
		8A09A484214E0E9C008EC502 /* GalleryKits */ = {
			isa = PBXGroup;
			children = (
				8A09A485214E0EC0008EC502 /* GalleryIcon.swift */,
				8A397DC32140B69900AE297A /* Curricula.swift */,
				8A09A487214E1787008EC502 /* JsonRequester.swift */,
			);
			path = GalleryKits;
			sourceTree = "<group>";
		};
		8A233761214A5738007F0957 /* Storyboard */ = {
			isa = PBXGroup;
			children = (
				8AA6279A214A5A1D003906BD /* Main.storyboard */,
			);
			path = Storyboard;
			sourceTree = "<group>";
		};
		8A397DC52140B84800AE297A /* Deprecated_DataGrabKits */ = {
			isa = PBXGroup;
			children = (
				8A96D489214026F4009E90CA /* CourseQuery.swift */,
				8A397DC62140B87400AE297A /* Teacher.swift */,
				8A397DC82140B9C600AE297A /* CourseAnalyse.swift */,
			);
			path = Deprecated_DataGrabKits;
			sourceTree = "<group>";
		};
		8A397DCC2140D7E400AE297A /* ExamSyncKits */ = {
			isa = PBXGroup;
			children = (
				8A397DCD2140D7F400AE297A /* ExamSyncHelper.swift */,
				8A397DCF21410CFB00AE297A /* Exam.swift */,
			);
			path = ExamSyncKits;
			sourceTree = "<group>";
		};
		8A4A22D121362EAF0064488C = {
			isa = PBXGroup;
			children = (
				8A4A22DC21362EAF0064488C /* Electsys Utility */,
				8A4A22DB21362EAF0064488C /* Products */,
				7F6671998AA5242BF06E5E28 /* Pods */,
				CEBAC5F7F8148695C76C2836 /* Frameworks */,
			);
			sourceTree = "<group>";
		};
		8A4A22DB21362EAF0064488C /* Products */ = {
			isa = PBXGroup;
			children = (
				8A4A22DA21362EAF0064488C /* Electsys Utility.app */,
			);
			name = Products;
			sourceTree = "<group>";
		};
		8A4A22DC21362EAF0064488C /* Electsys Utility */ = {
			isa = PBXGroup;
			children = (
				8A233761214A5738007F0957 /* Storyboard */,
				8A397DC52140B84800AE297A /* Deprecated_DataGrabKits */,
				8A397DCC2140D7E400AE297A /* ExamSyncKits */,
				8A09A484214E0E9C008EC502 /* GalleryKits */,
				8AB4A34D21375FDE00F7F382 /* ScheduleKits */,
				8A4A22F3213644140064488C /* Utilities */,
				8A4A22F2213631F20064488C /* ViewController */,
				8A4A22DD21362EAF0064488C /* AppDelegate.swift */,
				8A4A22E421362EB00064488C /* Assets.xcassets */,
				8A4A22E921362EB00064488C /* Info.plist */,
				8A4A22EA21362EB00064488C /* courseSync.entitlements */,
				8A4A22E121362EAF0064488C /* courseSync.xcdatamodeld */,
			);
			path = "Electsys Utility";
			sourceTree = "<group>";
		};
		8A4A22F2213631F20064488C /* ViewController */ = {
			isa = PBXGroup;
			children = (
				8A044788218D40D800BAB188 /* AboutViewController.swift */,
				8A4A22DF21362EAF0064488C /* jAccountViewController.swift */,
				8A747FF82137AB3800AB67BB /* HtmlGetViewController.swift */,
				8A4A22F0213631EC0064488C /* CreditsViewController.swift */,
				8AD4A49B2138B2A900F7E5E8 /* ResolveViewController.swift */,
				8ACB34652140143C002053D0 /* FullDataViewController.swift */,
				8A397DCA2140D6E500AE297A /* ExamSyncViewController.swift */,
				8AAB6F572172FA4C00D0FF61 /* TransparentTitleWindowController.swift */,
				8A25DD692182D6EC002AD7C9 /* MenuWithSeparator.swift */,
				8A2F1DFA21BD0FFC00978643 /* FullDataWindowController.swift */,
			);
			path = ViewController;
			sourceTree = "<group>";
		};
		8A4A22F3213644140064488C /* Utilities */ = {
			isa = PBXGroup;
			children = (
				8A4A22F42136443D0064488C /* LoginHelper.swift */,
				8A44513021366418000156BD /* AppUtils.swift */,
				8AD4A49D2138C8D800F7E5E8 /* HtmlParser.swift */,
			);
			path = Utilities;
			sourceTree = "<group>";
		};
		8AB4A34D21375FDE00F7F382 /* ScheduleKits */ = {
			isa = PBXGroup;
			children = (
				8A6E58A82138054D00FF38CF /* Course.swift */,
				8A7F528A2137D65A00FBA008 /* SchoolTime.swift */,
				8A04055C213984050060F93A /* SchoolDay.swift */,
				8AD04CFC213BC40200D59DB1 /* DateUtils.swift */,
				8ACEEB05213CB04200A7776E /* RandomNames.swift */,
			);
			path = ScheduleKits;
			sourceTree = "<group>";
		};
		CEBAC5F7F8148695C76C2836 /* Frameworks */ = {
			isa = PBXGroup;
			children = (
				8A09A489214E513C008EC502 /* SwiftyJSON.framework */,
				8AA627A7214A5C3E003906BD /* Cocoa.framework */,
				8AA627A5214A5B75003906BD /* Kanna.framework */,
				8AA627A3214A5B72003906BD /* Regex.framework */,
				8AA627A1214A5B6F003906BD /* Alamofire.framework */,
				8AD04CFE213BC58800D59DB1 /* EventKit.framework */,
				8A96E4B62139789900B476E0 /* Alamofire.framework */,
				8A96E4B42139789300B476E0 /* Kanna.framework */,
				8A96E4B22139789000B476E0 /* Regex.framework */,
				8A96E4B02139788A00B476E0 /* Alamofire.framework */,
				6C93767FDE3DFC555E7904CA /* Pods_courseSync.framework */,
				FAF6AAB4208DB297833B7167 /* Pods_Sync_Utility.framework */,
				4BB5FA8F674795185F8E7B92 /* Pods_Electsys_Utility.framework */,
			);
			name = Frameworks;
			sourceTree = "<group>";
		};
/* End PBXGroup section */

/* Begin PBXNativeTarget section */
		8A4A22D921362EAF0064488C /* Electsys Utility */ = {
			isa = PBXNativeTarget;
			buildConfigurationList = 8A4A22ED21362EB00064488C /* Build configuration list for PBXNativeTarget "Electsys Utility" */;
			buildPhases = (
				FDDEAD7083F49DEBD1D10250 /* [CP] Check Pods Manifest.lock */,
				8A4A22D621362EAF0064488C /* Sources */,
				8A4A22D721362EAF0064488C /* Frameworks */,
				8A4A22D821362EAF0064488C /* Resources */,
				3D05A8F10FE14FA4004DA957 /* [CP] Embed Pods Frameworks */,
			);
			buildRules = (
			);
			dependencies = (
			);
			name = "Electsys Utility";
			productName = courseSync;
			productReference = 8A4A22DA21362EAF0064488C /* Electsys Utility.app */;
			productType = "com.apple.product-type.application";
		};
/* End PBXNativeTarget section */

/* Begin PBXProject section */
		8A4A22D221362EAF0064488C /* Project object */ = {
			isa = PBXProject;
			attributes = {
				LastSwiftUpdateCheck = 1000;
				LastUpgradeCheck = 1000;
				ORGANIZATIONNAME = yuxiqian;
				TargetAttributes = {
					8A4A22D921362EAF0064488C = {
						CreatedOnToolsVersion = 10.0;
						LastSwiftMigration = 0920;
						ProvisioningStyle = Automatic;
						SystemCapabilities = {
							com.apple.Keychain = {
								enabled = 0;
							};
							com.apple.Sandbox = {
								enabled = 1;
							};
						};
					};
				};
			};
			buildConfigurationList = 8A4A22D521362EAF0064488C /* Build configuration list for PBXProject "Electsys Utility" */;
			compatibilityVersion = "Xcode 8.0";
			developmentRegion = en;
			hasScannedForEncodings = 0;
			knownRegions = (
				en,
				Base,
			);
			mainGroup = 8A4A22D121362EAF0064488C;
			productRefGroup = 8A4A22DB21362EAF0064488C /* Products */;
			projectDirPath = "";
			projectRoot = "";
			targets = (
				8A4A22D921362EAF0064488C /* Electsys Utility */,
			);
		};
/* End PBXProject section */

/* Begin PBXResourcesBuildPhase section */
		8A4A22D821362EAF0064488C /* Resources */ = {
			isa = PBXResourcesBuildPhase;
			buildActionMask = 2147483647;
			files = (
				8A4A22E521362EB00064488C /* Assets.xcassets in Resources */,
				8AA6279C214A5A1D003906BD /* Main.storyboard in Resources */,
			);
			runOnlyForDeploymentPostprocessing = 0;
		};
/* End PBXResourcesBuildPhase section */

/* Begin PBXShellScriptBuildPhase section */
		3D05A8F10FE14FA4004DA957 /* [CP] Embed Pods Frameworks */ = {
			isa = PBXShellScriptBuildPhase;
			buildActionMask = 2147483647;
			files = (
			);
			inputPaths = (
				"${SRCROOT}/Pods/Target Support Files/Pods-Electsys Utility/Pods-Electsys Utility-frameworks.sh",
				"${BUILT_PRODUCTS_DIR}/Alamofire/Alamofire.framework",
				"${BUILT_PRODUCTS_DIR}/CrossroadRegex/Regex.framework",
				"${BUILT_PRODUCTS_DIR}/Kanna/Kanna.framework",
				"${BUILT_PRODUCTS_DIR}/SwiftyJSON/SwiftyJSON.framework",
			);
			name = "[CP] Embed Pods Frameworks";
			outputPaths = (
				"${TARGET_BUILD_DIR}/${FRAMEWORKS_FOLDER_PATH}/Alamofire.framework",
				"${TARGET_BUILD_DIR}/${FRAMEWORKS_FOLDER_PATH}/Regex.framework",
				"${TARGET_BUILD_DIR}/${FRAMEWORKS_FOLDER_PATH}/Kanna.framework",
				"${TARGET_BUILD_DIR}/${FRAMEWORKS_FOLDER_PATH}/SwiftyJSON.framework",
			);
			runOnlyForDeploymentPostprocessing = 0;
			shellPath = /bin/sh;
			shellScript = "\"${SRCROOT}/Pods/Target Support Files/Pods-Electsys Utility/Pods-Electsys Utility-frameworks.sh\"\n";
			showEnvVarsInLog = 0;
		};
		FDDEAD7083F49DEBD1D10250 /* [CP] Check Pods Manifest.lock */ = {
			isa = PBXShellScriptBuildPhase;
			buildActionMask = 2147483647;
			files = (
			);
			inputPaths = (
				"${PODS_PODFILE_DIR_PATH}/Podfile.lock",
				"${PODS_ROOT}/Manifest.lock",
			);
			name = "[CP] Check Pods Manifest.lock";
			outputPaths = (
				"$(DERIVED_FILE_DIR)/Pods-Electsys Utility-checkManifestLockResult.txt",
			);
			runOnlyForDeploymentPostprocessing = 0;
			shellPath = /bin/sh;
			shellScript = "diff \"${PODS_PODFILE_DIR_PATH}/Podfile.lock\" \"${PODS_ROOT}/Manifest.lock\" > /dev/null\nif [ $? != 0 ] ; then\n    # print error to STDERR\n    echo \"error: The sandbox is not in sync with the Podfile.lock. Run 'pod install' or update your CocoaPods installation.\" >&2\n    exit 1\nfi\n# This output is used by Xcode 'outputs' to avoid re-running this script phase.\necho \"SUCCESS\" > \"${SCRIPT_OUTPUT_FILE_0}\"\n";
			showEnvVarsInLog = 0;
		};
/* End PBXShellScriptBuildPhase section */

/* Begin PBXSourcesBuildPhase section */
		8A4A22D621362EAF0064488C /* Sources */ = {
			isa = PBXSourcesBuildPhase;
			buildActionMask = 2147483647;
			files = (
				8A397DD021410CFB00AE297A /* Exam.swift in Sources */,
				8A4A22E321362EAF0064488C /* courseSync.xcdatamodeld in Sources */,
				8ACB34662140143C002053D0 /* FullDataViewController.swift in Sources */,
				8A6E58A92138054D00FF38CF /* Course.swift in Sources */,
				8A397DC42140B69900AE297A /* Curricula.swift in Sources */,
				8A96D48A214026F4009E90CA /* CourseQuery.swift in Sources */,
				8A09A486214E0EC0008EC502 /* GalleryIcon.swift in Sources */,
				8A4A22E021362EAF0064488C /* jAccountViewController.swift in Sources */,
				8A09A488214E1787008EC502 /* JsonRequester.swift in Sources */,
				8A397DC72140B87400AE297A /* Teacher.swift in Sources */,
				8A397DCE2140D7F400AE297A /* ExamSyncHelper.swift in Sources */,
				8AD04CFD213BC40200D59DB1 /* DateUtils.swift in Sources */,
				8A044789218D40D800BAB188 /* AboutViewController.swift in Sources */,
				8A7F528B2137D65A00FBA008 /* SchoolTime.swift in Sources */,
				8A4A22DE21362EAF0064488C /* AppDelegate.swift in Sources */,
				8AD4A49E2138C8D800F7E5E8 /* HtmlParser.swift in Sources */,
				8A4A22F1213631EC0064488C /* CreditsViewController.swift in Sources */,
				8A397DC92140B9C600AE297A /* CourseAnalyse.swift in Sources */,
				8A2F1DFB21BD0FFC00978643 /* FullDataWindowController.swift in Sources */,
				8A04055D213984050060F93A /* SchoolDay.swift in Sources */,
				8A397DCB2140D6E500AE297A /* ExamSyncViewController.swift in Sources */,
				8A747FF92137AB3800AB67BB /* HtmlGetViewController.swift in Sources */,
				8A44513121366418000156BD /* AppUtils.swift in Sources */,
				8A4A22F52136443D0064488C /* LoginHelper.swift in Sources */,
				8A25DD6A2182D6EC002AD7C9 /* MenuWithSeparator.swift in Sources */,
				8ACEEB06213CB04200A7776E /* RandomNames.swift in Sources */,
				8AD4A49C2138B2A900F7E5E8 /* ResolveViewController.swift in Sources */,
				8AAB6F582172FA4C00D0FF61 /* TransparentTitleWindowController.swift in Sources */,
			);
			runOnlyForDeploymentPostprocessing = 0;
		};
/* End PBXSourcesBuildPhase section */

/* Begin PBXVariantGroup section */
		8AA6279A214A5A1D003906BD /* Main.storyboard */ = {
			isa = PBXVariantGroup;
			children = (
				8AA6279B214A5A1D003906BD /* Base */,
			);
			name = Main.storyboard;
			sourceTree = "<group>";
		};
/* End PBXVariantGroup section */

/* Begin XCBuildConfiguration section */
		8A4A22EB21362EB00064488C /* Debug */ = {
			isa = XCBuildConfiguration;
			buildSettings = {
				ALWAYS_SEARCH_USER_PATHS = NO;
				CLANG_ANALYZER_NONNULL = YES;
				CLANG_ANALYZER_NUMBER_OBJECT_CONVERSION = YES_AGGRESSIVE;
				CLANG_CXX_LANGUAGE_STANDARD = "gnu++14";
				CLANG_CXX_LIBRARY = "libc++";
				CLANG_ENABLE_MODULES = YES;
				CLANG_ENABLE_OBJC_ARC = YES;
				CLANG_ENABLE_OBJC_WEAK = YES;
				CLANG_WARN_BLOCK_CAPTURE_AUTORELEASING = YES;
				CLANG_WARN_BOOL_CONVERSION = YES;
				CLANG_WARN_COMMA = YES;
				CLANG_WARN_CONSTANT_CONVERSION = YES;
				CLANG_WARN_DEPRECATED_OBJC_IMPLEMENTATIONS = YES;
				CLANG_WARN_DIRECT_OBJC_ISA_USAGE = YES_ERROR;
				CLANG_WARN_DOCUMENTATION_COMMENTS = YES;
				CLANG_WARN_EMPTY_BODY = YES;
				CLANG_WARN_ENUM_CONVERSION = YES;
				CLANG_WARN_INFINITE_RECURSION = YES;
				CLANG_WARN_INT_CONVERSION = YES;
				CLANG_WARN_NON_LITERAL_NULL_CONVERSION = YES;
				CLANG_WARN_OBJC_IMPLICIT_RETAIN_SELF = YES;
				CLANG_WARN_OBJC_LITERAL_CONVERSION = YES;
				CLANG_WARN_OBJC_ROOT_CLASS = YES_ERROR;
				CLANG_WARN_RANGE_LOOP_ANALYSIS = YES;
				CLANG_WARN_STRICT_PROTOTYPES = YES;
				CLANG_WARN_SUSPICIOUS_MOVE = YES;
				CLANG_WARN_UNGUARDED_AVAILABILITY = YES_AGGRESSIVE;
				CLANG_WARN_UNREACHABLE_CODE = YES;
				CLANG_WARN__DUPLICATE_METHOD_MATCH = YES;
				CODE_SIGN_IDENTITY = "-";
				COPY_PHASE_STRIP = NO;
				DEBUG_INFORMATION_FORMAT = dwarf;
				ENABLE_STRICT_OBJC_MSGSEND = YES;
				ENABLE_TESTABILITY = YES;
				GCC_C_LANGUAGE_STANDARD = gnu11;
				GCC_DYNAMIC_NO_PIC = NO;
				GCC_NO_COMMON_BLOCKS = YES;
				GCC_OPTIMIZATION_LEVEL = 0;
				GCC_PREPROCESSOR_DEFINITIONS = (
					"DEBUG=1",
					"$(inherited)",
				);
				GCC_WARN_64_TO_32_BIT_CONVERSION = YES;
				GCC_WARN_ABOUT_RETURN_TYPE = YES_ERROR;
				GCC_WARN_UNDECLARED_SELECTOR = YES;
				GCC_WARN_UNINITIALIZED_AUTOS = YES_AGGRESSIVE;
				GCC_WARN_UNUSED_FUNCTION = YES;
				GCC_WARN_UNUSED_VARIABLE = YES;
				MACOSX_DEPLOYMENT_TARGET = 10.14;
				MTL_ENABLE_DEBUG_INFO = INCLUDE_SOURCE;
				MTL_FAST_MATH = YES;
				ONLY_ACTIVE_ARCH = YES;
				SDKROOT = macosx;
				SWIFT_ACTIVE_COMPILATION_CONDITIONS = DEBUG;
				SWIFT_OPTIMIZATION_LEVEL = "-Onone";
			};
			name = Debug;
		};
		8A4A22EC21362EB00064488C /* Release */ = {
			isa = XCBuildConfiguration;
			buildSettings = {
				ALWAYS_SEARCH_USER_PATHS = NO;
				CLANG_ANALYZER_NONNULL = YES;
				CLANG_ANALYZER_NUMBER_OBJECT_CONVERSION = YES_AGGRESSIVE;
				CLANG_CXX_LANGUAGE_STANDARD = "gnu++14";
				CLANG_CXX_LIBRARY = "libc++";
				CLANG_ENABLE_MODULES = YES;
				CLANG_ENABLE_OBJC_ARC = YES;
				CLANG_ENABLE_OBJC_WEAK = YES;
				CLANG_WARN_BLOCK_CAPTURE_AUTORELEASING = YES;
				CLANG_WARN_BOOL_CONVERSION = YES;
				CLANG_WARN_COMMA = YES;
				CLANG_WARN_CONSTANT_CONVERSION = YES;
				CLANG_WARN_DEPRECATED_OBJC_IMPLEMENTATIONS = YES;
				CLANG_WARN_DIRECT_OBJC_ISA_USAGE = YES_ERROR;
				CLANG_WARN_DOCUMENTATION_COMMENTS = YES;
				CLANG_WARN_EMPTY_BODY = YES;
				CLANG_WARN_ENUM_CONVERSION = YES;
				CLANG_WARN_INFINITE_RECURSION = YES;
				CLANG_WARN_INT_CONVERSION = YES;
				CLANG_WARN_NON_LITERAL_NULL_CONVERSION = YES;
				CLANG_WARN_OBJC_IMPLICIT_RETAIN_SELF = YES;
				CLANG_WARN_OBJC_LITERAL_CONVERSION = YES;
				CLANG_WARN_OBJC_ROOT_CLASS = YES_ERROR;
				CLANG_WARN_RANGE_LOOP_ANALYSIS = YES;
				CLANG_WARN_STRICT_PROTOTYPES = YES;
				CLANG_WARN_SUSPICIOUS_MOVE = YES;
				CLANG_WARN_UNGUARDED_AVAILABILITY = YES_AGGRESSIVE;
				CLANG_WARN_UNREACHABLE_CODE = YES;
				CLANG_WARN__DUPLICATE_METHOD_MATCH = YES;
				CODE_SIGN_IDENTITY = "-";
				COPY_PHASE_STRIP = NO;
				DEBUG_INFORMATION_FORMAT = "dwarf-with-dsym";
				ENABLE_NS_ASSERTIONS = NO;
				ENABLE_STRICT_OBJC_MSGSEND = YES;
				GCC_C_LANGUAGE_STANDARD = gnu11;
				GCC_NO_COMMON_BLOCKS = YES;
				GCC_WARN_64_TO_32_BIT_CONVERSION = YES;
				GCC_WARN_ABOUT_RETURN_TYPE = YES_ERROR;
				GCC_WARN_UNDECLARED_SELECTOR = YES;
				GCC_WARN_UNINITIALIZED_AUTOS = YES_AGGRESSIVE;
				GCC_WARN_UNUSED_FUNCTION = YES;
				GCC_WARN_UNUSED_VARIABLE = YES;
				MACOSX_DEPLOYMENT_TARGET = 10.14;
				MTL_ENABLE_DEBUG_INFO = NO;
				MTL_FAST_MATH = YES;
				SDKROOT = macosx;
				SWIFT_OPTIMIZATION_LEVEL = "-Owholemodule";
			};
			name = Release;
		};
		8A4A22EE21362EB00064488C /* Debug */ = {
			isa = XCBuildConfiguration;
			baseConfigurationReference = 9DC9CE2F64C043C009C22FAA /* Pods-Electsys Utility.debug.xcconfig */;
			buildSettings = {
				ASSETCATALOG_COMPILER_APPICON_NAME = AppIcon;
				CLANG_ENABLE_MODULES = YES;
				CODE_SIGN_ENTITLEMENTS = "Electsys Utility/courseSync.entitlements";
				CODE_SIGN_IDENTITY = "Mac Developer";
				CODE_SIGN_STYLE = Automatic;
				COMBINE_HIDPI_IMAGES = YES;
				DEVELOPMENT_TEAM = 24XARD42BP;
				INFOPLIST_FILE = "Electsys Utility/Info.plist";
				LD_RUNPATH_SEARCH_PATHS = "$(inherited) @executable_path/../Frameworks";
				MACOSX_DEPLOYMENT_TARGET = 10.12;
				PRODUCT_BUNDLE_IDENTIFIER = yue.elect.sys.utility;
				PRODUCT_NAME = "$(TARGET_NAME)";
				PROVISIONING_PROFILE_SPECIFIER = "";
				SDKROOT = macosx;
				SWIFT_OBJC_BRIDGING_HEADER = "";
				SWIFT_OPTIMIZATION_LEVEL = "-Onone";
				SWIFT_VERSION = 4.0;
			};
			name = Debug;
		};
		8A4A22EF21362EB00064488C /* Release */ = {
			isa = XCBuildConfiguration;
			baseConfigurationReference = 98F9E28D0C6712645ED2C4D2 /* Pods-Electsys Utility.release.xcconfig */;
			buildSettings = {
				ASSETCATALOG_COMPILER_APPICON_NAME = AppIcon;
				CLANG_ENABLE_MODULES = YES;
				CODE_SIGN_ENTITLEMENTS = "Electsys Utility/courseSync.entitlements";
				CODE_SIGN_IDENTITY = "Mac Developer";
				CODE_SIGN_STYLE = Automatic;
				COMBINE_HIDPI_IMAGES = YES;
				DEVELOPMENT_TEAM = 24XARD42BP;
				INFOPLIST_FILE = "Electsys Utility/Info.plist";
				LD_RUNPATH_SEARCH_PATHS = "$(inherited) @executable_path/../Frameworks";
				MACOSX_DEPLOYMENT_TARGET = 10.12;
				PRODUCT_BUNDLE_IDENTIFIER = yue.elect.sys.utility;
				PRODUCT_NAME = "$(TARGET_NAME)";
				PROVISIONING_PROFILE_SPECIFIER = "";
				SDKROOT = macosx;
				SWIFT_OBJC_BRIDGING_HEADER = "";
				SWIFT_VERSION = 4.0;
			};
			name = Release;
		};
/* End XCBuildConfiguration section */

/* Begin XCConfigurationList section */
		8A4A22D521362EAF0064488C /* Build configuration list for PBXProject "Electsys Utility" */ = {
			isa = XCConfigurationList;
			buildConfigurations = (
				8A4A22EB21362EB00064488C /* Debug */,
				8A4A22EC21362EB00064488C /* Release */,
			);
			defaultConfigurationIsVisible = 0;
			defaultConfigurationName = Release;
		};
		8A4A22ED21362EB00064488C /* Build configuration list for PBXNativeTarget "Electsys Utility" */ = {
			isa = XCConfigurationList;
			buildConfigurations = (
				8A4A22EE21362EB00064488C /* Debug */,
				8A4A22EF21362EB00064488C /* Release */,
			);
			defaultConfigurationIsVisible = 0;
			defaultConfigurationName = Release;
		};
/* End XCConfigurationList section */

/* Begin XCVersionGroup section */
		8A4A22E121362EAF0064488C /* courseSync.xcdatamodeld */ = {
			isa = XCVersionGroup;
			children = (
				8A4A22E221362EAF0064488C /* courseSync.xcdatamodel */,
			);
			currentVersion = 8A4A22E221362EAF0064488C /* courseSync.xcdatamodel */;
			path = courseSync.xcdatamodeld;
			sourceTree = "<group>";
			versionGroupType = wrapper.xcdatamodel;
		};
/* End XCVersionGroup section */
	};
	rootObject = 8A4A22D221362EAF0064488C /* Project object */;
}
